// !$*UTF8*$!
{
	archiveVersion = 1;
	classes = {
	};
	objectVersion = 46;
	objects = {

/* Begin PBXBuildFile section */
		45290968150616690039AD9F /* QuartzCore.framework in Frameworks */ = {isa = PBXBuildFile; fileRef = 45290967150616690039AD9F /* QuartzCore.framework */; };
		4529096A150616690039AD9F /* OpenGLES.framework in Frameworks */ = {isa = PBXBuildFile; fileRef = 45290969150616690039AD9F /* OpenGLES.framework */; };
		4529096C150616690039AD9F /* OpenAL.framework in Frameworks */ = {isa = PBXBuildFile; fileRef = 4529096B150616690039AD9F /* OpenAL.framework */; };
		4529096E150616690039AD9F /* AudioToolbox.framework in Frameworks */ = {isa = PBXBuildFile; fileRef = 4529096D150616690039AD9F /* AudioToolbox.framework */; };
		45290970150616690039AD9F /* AVFoundation.framework in Frameworks */ = {isa = PBXBuildFile; fileRef = 4529096F150616690039AD9F /* AVFoundation.framework */; };
		45290972150616690039AD9F /* UIKit.framework in Frameworks */ = {isa = PBXBuildFile; fileRef = 45290971150616690039AD9F /* UIKit.framework */; };
		45290974150616690039AD9F /* Foundation.framework in Frameworks */ = {isa = PBXBuildFile; fileRef = 45290973150616690039AD9F /* Foundation.framework */; };
		45290976150616690039AD9F /* CoreGraphics.framework in Frameworks */ = {isa = PBXBuildFile; fileRef = 45290975150616690039AD9F /* CoreGraphics.framework */; };
		4529097A150616690039AD9F /* Default.png in Resources */ = {isa = PBXBuildFile; fileRef = 45290979150616690039AD9F /* Default.png */; };
		4529097C150616690039AD9F /* fps_images.png in Resources */ = {isa = PBXBuildFile; fileRef = 4529097B150616690039AD9F /* fps_images.png */; };
		4529097E150616690039AD9F /* Icon-72.png in Resources */ = {isa = PBXBuildFile; fileRef = 4529097D150616690039AD9F /* Icon-72.png */; };
		45290980150616690039AD9F /* Icon-Small-50.png in Resources */ = {isa = PBXBuildFile; fileRef = 4529097F150616690039AD9F /* Icon-Small-50.png */; };
		45290982150616690039AD9F /* Icon-Small.png in Resources */ = {isa = PBXBuildFile; fileRef = 45290981150616690039AD9F /* Icon-Small.png */; };
		45290984150616690039AD9F /* Icon-Small@2x.png in Resources */ = {isa = PBXBuildFile; fileRef = 45290983150616690039AD9F /* Icon-Small@2x.png */; };
		452909861506166A0039AD9F /* Icon.png in Resources */ = {isa = PBXBuildFile; fileRef = 452909851506166A0039AD9F /* Icon.png */; };
		452909881506166A0039AD9F /* Icon@2x.png in Resources */ = {isa = PBXBuildFile; fileRef = 452909871506166A0039AD9F /* Icon@2x.png */; };
		4529098B1506166A0039AD9F /* iTunesArtwork in Resources */ = {isa = PBXBuildFile; fileRef = 4529098A1506166A0039AD9F /* iTunesArtwork */; };
		452909901506166A0039AD9F /* CCAction.m in Sources */ = {isa = PBXBuildFile; fileRef = 4529098F1506166A0039AD9F /* CCAction.m */; };
		452909931506166A0039AD9F /* CCActionCamera.m in Sources */ = {isa = PBXBuildFile; fileRef = 452909921506166A0039AD9F /* CCActionCamera.m */; };
		452909961506166A0039AD9F /* CCActionEase.m in Sources */ = {isa = PBXBuildFile; fileRef = 452909951506166A0039AD9F /* CCActionEase.m */; };
		452909991506166A0039AD9F /* CCActionGrid.m in Sources */ = {isa = PBXBuildFile; fileRef = 452909981506166A0039AD9F /* CCActionGrid.m */; };
		4529099C1506166A0039AD9F /* CCActionGrid3D.m in Sources */ = {isa = PBXBuildFile; fileRef = 4529099B1506166A0039AD9F /* CCActionGrid3D.m */; };
		4529099F1506166A0039AD9F /* CCActionInstant.m in Sources */ = {isa = PBXBuildFile; fileRef = 4529099E1506166A0039AD9F /* CCActionInstant.m */; };
		452909A21506166A0039AD9F /* CCActionInterval.m in Sources */ = {isa = PBXBuildFile; fileRef = 452909A11506166A0039AD9F /* CCActionInterval.m */; };
		452909A51506166A0039AD9F /* CCActionManager.m in Sources */ = {isa = PBXBuildFile; fileRef = 452909A41506166A0039AD9F /* CCActionManager.m */; };
		452909A81506166A0039AD9F /* CCActionPageTurn3D.m in Sources */ = {isa = PBXBuildFile; fileRef = 452909A71506166A0039AD9F /* CCActionPageTurn3D.m */; };
		452909AB1506166A0039AD9F /* CCActionProgressTimer.m in Sources */ = {isa = PBXBuildFile; fileRef = 452909AA1506166A0039AD9F /* CCActionProgressTimer.m */; };
		452909AE1506166A0039AD9F /* CCActionTiledGrid.m in Sources */ = {isa = PBXBuildFile; fileRef = 452909AD1506166A0039AD9F /* CCActionTiledGrid.m */; };
		452909B11506166A0039AD9F /* CCActionTween.m in Sources */ = {isa = PBXBuildFile; fileRef = 452909B01506166A0039AD9F /* CCActionTween.m */; };
		452909B41506166A0039AD9F /* CCAnimation.m in Sources */ = {isa = PBXBuildFile; fileRef = 452909B31506166A0039AD9F /* CCAnimation.m */; };
		452909B71506166A0039AD9F /* CCAnimationCache.m in Sources */ = {isa = PBXBuildFile; fileRef = 452909B61506166A0039AD9F /* CCAnimationCache.m */; };
		452909BA1506166A0039AD9F /* CCAtlasNode.m in Sources */ = {isa = PBXBuildFile; fileRef = 452909B91506166A0039AD9F /* CCAtlasNode.m */; };
		452909BD1506166A0039AD9F /* CCBlockSupport.m in Sources */ = {isa = PBXBuildFile; fileRef = 452909BC1506166A0039AD9F /* CCBlockSupport.m */; };
		452909C01506166A0039AD9F /* CCCamera.m in Sources */ = {isa = PBXBuildFile; fileRef = 452909BF1506166A0039AD9F /* CCCamera.m */; };
		452909C41506166B0039AD9F /* CCConfiguration.m in Sources */ = {isa = PBXBuildFile; fileRef = 452909C31506166B0039AD9F /* CCConfiguration.m */; };
		452909C71506166B0039AD9F /* CCDirector.m in Sources */ = {isa = PBXBuildFile; fileRef = 452909C61506166B0039AD9F /* CCDirector.m */; };
		452909CA1506166B0039AD9F /* CCDrawingPrimitives.m in Sources */ = {isa = PBXBuildFile; fileRef = 452909C91506166B0039AD9F /* CCDrawingPrimitives.m */; };
		452909CD1506166B0039AD9F /* CCGrabber.m in Sources */ = {isa = PBXBuildFile; fileRef = 452909CC1506166B0039AD9F /* CCGrabber.m */; };
		452909D01506166B0039AD9F /* CCGrid.m in Sources */ = {isa = PBXBuildFile; fileRef = 452909CF1506166B0039AD9F /* CCGrid.m */; };
		452909D31506166B0039AD9F /* CCLabelAtlas.m in Sources */ = {isa = PBXBuildFile; fileRef = 452909D21506166B0039AD9F /* CCLabelAtlas.m */; };
		452909D61506166B0039AD9F /* CCLabelBMFont.m in Sources */ = {isa = PBXBuildFile; fileRef = 452909D51506166B0039AD9F /* CCLabelBMFont.m */; };
		452909D91506166B0039AD9F /* CCLabelTTF.m in Sources */ = {isa = PBXBuildFile; fileRef = 452909D81506166B0039AD9F /* CCLabelTTF.m */; };
		452909DC1506166B0039AD9F /* CCLayer.m in Sources */ = {isa = PBXBuildFile; fileRef = 452909DB1506166B0039AD9F /* CCLayer.m */; };
		452909E01506166B0039AD9F /* CCMenu.m in Sources */ = {isa = PBXBuildFile; fileRef = 452909DF1506166B0039AD9F /* CCMenu.m */; };
		452909E31506166B0039AD9F /* CCMenuItem.m in Sources */ = {isa = PBXBuildFile; fileRef = 452909E21506166B0039AD9F /* CCMenuItem.m */; };
		452909E61506166B0039AD9F /* CCMotionStreak.m in Sources */ = {isa = PBXBuildFile; fileRef = 452909E51506166B0039AD9F /* CCMotionStreak.m */; };
		452909E91506166B0039AD9F /* CCNode.m in Sources */ = {isa = PBXBuildFile; fileRef = 452909E81506166B0039AD9F /* CCNode.m */; };
		452909EC1506166B0039AD9F /* CCParallaxNode.m in Sources */ = {isa = PBXBuildFile; fileRef = 452909EB1506166B0039AD9F /* CCParallaxNode.m */; };
		452909EF1506166B0039AD9F /* CCParticleExamples.m in Sources */ = {isa = PBXBuildFile; fileRef = 452909EE1506166B0039AD9F /* CCParticleExamples.m */; };
		452909F21506166B0039AD9F /* CCParticleSystem.m in Sources */ = {isa = PBXBuildFile; fileRef = 452909F11506166B0039AD9F /* CCParticleSystem.m */; };
		452909F51506166B0039AD9F /* CCParticleSystemPoint.m in Sources */ = {isa = PBXBuildFile; fileRef = 452909F41506166B0039AD9F /* CCParticleSystemPoint.m */; };
		452909F81506166C0039AD9F /* CCParticleSystemQuad.m in Sources */ = {isa = PBXBuildFile; fileRef = 452909F71506166C0039AD9F /* CCParticleSystemQuad.m */; };
		452909FB1506166C0039AD9F /* CCProgressTimer.m in Sources */ = {isa = PBXBuildFile; fileRef = 452909FA1506166C0039AD9F /* CCProgressTimer.m */; };
		452909FF1506166C0039AD9F /* CCRenderTexture.m in Sources */ = {isa = PBXBuildFile; fileRef = 452909FE1506166C0039AD9F /* CCRenderTexture.m */; };
		45290A021506166C0039AD9F /* CCRibbon.m in Sources */ = {isa = PBXBuildFile; fileRef = 45290A011506166C0039AD9F /* CCRibbon.m */; };
		45290A051506166C0039AD9F /* CCScene.m in Sources */ = {isa = PBXBuildFile; fileRef = 45290A041506166C0039AD9F /* CCScene.m */; };
		45290A081506166C0039AD9F /* CCScheduler.m in Sources */ = {isa = PBXBuildFile; fileRef = 45290A071506166C0039AD9F /* CCScheduler.m */; };
		45290A0B1506166C0039AD9F /* CCSprite.m in Sources */ = {isa = PBXBuildFile; fileRef = 45290A0A1506166C0039AD9F /* CCSprite.m */; };
		45290A0E1506166C0039AD9F /* CCSpriteBatchNode.m in Sources */ = {isa = PBXBuildFile; fileRef = 45290A0D1506166C0039AD9F /* CCSpriteBatchNode.m */; };
		45290A111506166C0039AD9F /* CCSpriteFrame.m in Sources */ = {isa = PBXBuildFile; fileRef = 45290A101506166C0039AD9F /* CCSpriteFrame.m */; };
		45290A141506166C0039AD9F /* CCSpriteFrameCache.m in Sources */ = {isa = PBXBuildFile; fileRef = 45290A131506166C0039AD9F /* CCSpriteFrameCache.m */; };
		45290A171506166C0039AD9F /* CCTexture2D.m in Sources */ = {isa = PBXBuildFile; fileRef = 45290A161506166C0039AD9F /* CCTexture2D.m */; };
		45290A1A1506166C0039AD9F /* CCTextureAtlas.m in Sources */ = {isa = PBXBuildFile; fileRef = 45290A191506166C0039AD9F /* CCTextureAtlas.m */; };
		45290A1D1506166C0039AD9F /* CCTextureCache.m in Sources */ = {isa = PBXBuildFile; fileRef = 45290A1C1506166C0039AD9F /* CCTextureCache.m */; };
		45290A201506166C0039AD9F /* CCTexturePVR.m in Sources */ = {isa = PBXBuildFile; fileRef = 45290A1F1506166C0039AD9F /* CCTexturePVR.m */; };
		45290A231506166C0039AD9F /* CCTileMapAtlas.m in Sources */ = {isa = PBXBuildFile; fileRef = 45290A221506166C0039AD9F /* CCTileMapAtlas.m */; };
		45290A261506166C0039AD9F /* CCTMXLayer.m in Sources */ = {isa = PBXBuildFile; fileRef = 45290A251506166C0039AD9F /* CCTMXLayer.m */; };
		45290A291506166C0039AD9F /* CCTMXObjectGroup.m in Sources */ = {isa = PBXBuildFile; fileRef = 45290A281506166C0039AD9F /* CCTMXObjectGroup.m */; };
		45290A2C1506166C0039AD9F /* CCTMXTiledMap.m in Sources */ = {isa = PBXBuildFile; fileRef = 45290A2B1506166C0039AD9F /* CCTMXTiledMap.m */; };
		45290A2F1506166C0039AD9F /* CCTMXXMLParser.m in Sources */ = {isa = PBXBuildFile; fileRef = 45290A2E1506166C0039AD9F /* CCTMXXMLParser.m */; };
		45290A321506166D0039AD9F /* CCTransition.m in Sources */ = {isa = PBXBuildFile; fileRef = 45290A311506166D0039AD9F /* CCTransition.m */; };
		45290A351506166D0039AD9F /* CCTransitionPageTurn.m in Sources */ = {isa = PBXBuildFile; fileRef = 45290A341506166D0039AD9F /* CCTransitionPageTurn.m */; };
		45290A381506166D0039AD9F /* CCTransitionRadial.m in Sources */ = {isa = PBXBuildFile; fileRef = 45290A371506166D0039AD9F /* CCTransitionRadial.m */; };
		45290A3C1506166D0039AD9F /* cocos2d.m in Sources */ = {isa = PBXBuildFile; fileRef = 45290A3B1506166D0039AD9F /* cocos2d.m */; };
		45290A431506166D0039AD9F /* CCDirectorIOS.m in Sources */ = {isa = PBXBuildFile; fileRef = 45290A421506166D0039AD9F /* CCDirectorIOS.m */; };
		45290A471506166D0039AD9F /* CCTouchDispatcher.m in Sources */ = {isa = PBXBuildFile; fileRef = 45290A461506166D0039AD9F /* CCTouchDispatcher.m */; };
		45290A4A1506166D0039AD9F /* CCTouchHandler.m in Sources */ = {isa = PBXBuildFile; fileRef = 45290A491506166D0039AD9F /* CCTouchHandler.m */; };
		45290A4D1506166D0039AD9F /* EAGLView.m in Sources */ = {isa = PBXBuildFile; fileRef = 45290A4C1506166D0039AD9F /* EAGLView.m */; };
		45290A501506166D0039AD9F /* ES1Renderer.m in Sources */ = {isa = PBXBuildFile; fileRef = 45290A4F1506166D0039AD9F /* ES1Renderer.m */; };
		45290A531506166D0039AD9F /* glu.c in Sources */ = {isa = PBXBuildFile; fileRef = 45290A521506166D0039AD9F /* glu.c */; };
		45290A581506166D0039AD9F /* CCDirectorMac.m in Sources */ = {isa = PBXBuildFile; fileRef = 45290A571506166D0039AD9F /* CCDirectorMac.m */; };
		45290A5B1506166D0039AD9F /* CCEventDispatcher.m in Sources */ = {isa = PBXBuildFile; fileRef = 45290A5A1506166D0039AD9F /* CCEventDispatcher.m */; };
		45290A5E1506166D0039AD9F /* MacGLView.m in Sources */ = {isa = PBXBuildFile; fileRef = 45290A5D1506166D0039AD9F /* MacGLView.m */; };
		45290A611506166D0039AD9F /* MacWindow.m in Sources */ = {isa = PBXBuildFile; fileRef = 45290A601506166D0039AD9F /* MacWindow.m */; };
		45290A641506166D0039AD9F /* base64.c in Sources */ = {isa = PBXBuildFile; fileRef = 45290A631506166D0039AD9F /* base64.c */; };
		45290A681506166D0039AD9F /* CCArray.m in Sources */ = {isa = PBXBuildFile; fileRef = 45290A671506166D0039AD9F /* CCArray.m */; };
		45290A6C1506166D0039AD9F /* CCFileUtils.m in Sources */ = {isa = PBXBuildFile; fileRef = 45290A6B1506166D0039AD9F /* CCFileUtils.m */; };
		45290A6F1506166D0039AD9F /* CCProfiling.m in Sources */ = {isa = PBXBuildFile; fileRef = 45290A6E1506166D0039AD9F /* CCProfiling.m */; };
		45290A711506166D0039AD9F /* ccUtils.c in Sources */ = {isa = PBXBuildFile; fileRef = 45290A701506166D0039AD9F /* ccUtils.c */; };
		45290A751506166D0039AD9F /* CGPointExtension.m in Sources */ = {isa = PBXBuildFile; fileRef = 45290A741506166D0039AD9F /* CGPointExtension.m */; };
		45290A791506166D0039AD9F /* TGAlib.m in Sources */ = {isa = PBXBuildFile; fileRef = 45290A781506166D0039AD9F /* TGAlib.m */; };
		45290A7C1506166D0039AD9F /* TransformUtils.m in Sources */ = {isa = PBXBuildFile; fileRef = 45290A7B1506166D0039AD9F /* TransformUtils.m */; };
		45290A811506166E0039AD9F /* ZipUtils.m in Sources */ = {isa = PBXBuildFile; fileRef = 45290A801506166E0039AD9F /* ZipUtils.m */; };
		45290A861506166E0039AD9F /* CDAudioManager.m in Sources */ = {isa = PBXBuildFile; fileRef = 45290A851506166E0039AD9F /* CDAudioManager.m */; };
		45290A8A1506166E0039AD9F /* CDOpenALSupport.m in Sources */ = {isa = PBXBuildFile; fileRef = 45290A891506166E0039AD9F /* CDOpenALSupport.m */; };
		45290A8D1506166E0039AD9F /* CocosDenshion.m in Sources */ = {isa = PBXBuildFile; fileRef = 45290A8C1506166E0039AD9F /* CocosDenshion.m */; };
		45290A901506166E0039AD9F /* SimpleAudioEngine.m in Sources */ = {isa = PBXBuildFile; fileRef = 45290A8F1506166E0039AD9F /* SimpleAudioEngine.m */; };
		45290A951506166E0039AD9F /* CLScoreServerPost.m in Sources */ = {isa = PBXBuildFile; fileRef = 45290A941506166E0039AD9F /* CLScoreServerPost.m */; };
		45290A981506166E0039AD9F /* CLScoreServerRequest.m in Sources */ = {isa = PBXBuildFile; fileRef = 45290A971506166E0039AD9F /* CLScoreServerRequest.m */; };
		45290A9B1506166E0039AD9F /* cocoslive.m in Sources */ = {isa = PBXBuildFile; fileRef = 45290A9A1506166E0039AD9F /* cocoslive.m */; };
		45290AA01506166E0039AD9F /* CDataScanner.m in Sources */ = {isa = PBXBuildFile; fileRef = 45290A9F1506166E0039AD9F /* CDataScanner.m */; };
		45290AA41506166E0039AD9F /* CDataScanner_Extensions.m in Sources */ = {isa = PBXBuildFile; fileRef = 45290AA31506166E0039AD9F /* CDataScanner_Extensions.m */; };
		45290AA71506166F0039AD9F /* NSDictionary_JSONExtensions.m in Sources */ = {isa = PBXBuildFile; fileRef = 45290AA61506166F0039AD9F /* NSDictionary_JSONExtensions.m */; };
		45290AAB1506166F0039AD9F /* CJSONDeserializer.m in Sources */ = {isa = PBXBuildFile; fileRef = 45290AAA1506166F0039AD9F /* CJSONDeserializer.m */; };
		45290AAE1506166F0039AD9F /* CJSONScanner.m in Sources */ = {isa = PBXBuildFile; fileRef = 45290AAD1506166F0039AD9F /* CJSONScanner.m */; };
		45290AB11506166F0039AD9F /* CJSONSerializer.m in Sources */ = {isa = PBXBuildFile; fileRef = 45290AB01506166F0039AD9F /* CJSONSerializer.m */; };
		45290AB61506166F0039AD9F /* FontLabel.m in Sources */ = {isa = PBXBuildFile; fileRef = 45290AB51506166F0039AD9F /* FontLabel.m */; };
		45290AB91506166F0039AD9F /* FontLabelStringDrawing.m in Sources */ = {isa = PBXBuildFile; fileRef = 45290AB81506166F0039AD9F /* FontLabelStringDrawing.m */; };
		45290ABC1506166F0039AD9F /* FontManager.m in Sources */ = {isa = PBXBuildFile; fileRef = 45290ABB1506166F0039AD9F /* FontManager.m */; };
		45290ABF1506166F0039AD9F /* ZAttributedString.m in Sources */ = {isa = PBXBuildFile; fileRef = 45290ABE1506166F0039AD9F /* ZAttributedString.m */; };
		45290AC31506166F0039AD9F /* ZFont.m in Sources */ = {isa = PBXBuildFile; fileRef = 45290AC21506166F0039AD9F /* ZFont.m */; };
		45290AC81506166F0039AD9F /* main.m in Sources */ = {isa = PBXBuildFile; fileRef = 45290AC71506166F0039AD9F /* main.m */; };
		45290ACB1506166F0039AD9F /* AppDelegate.m in Sources */ = {isa = PBXBuildFile; fileRef = 45290ACA1506166F0039AD9F /* AppDelegate.m */; };
		45290ACE1506166F0039AD9F /* RootViewController.m in Sources */ = {isa = PBXBuildFile; fileRef = 45290ACD1506166F0039AD9F /* RootViewController.m */; };
		45290AD11506166F0039AD9F /* HelloWorldLayer.m in Sources */ = {isa = PBXBuildFile; fileRef = 45290AD01506166F0039AD9F /* HelloWorldLayer.m */; };
/* End PBXBuildFile section */

/* Begin PBXFileReference section */
		45290963150616690039AD9F /* LineRunner.app */ = {isa = PBXFileReference; explicitFileType = wrapper.application; includeInIndex = 0; path = LineRunner.app; sourceTree = BUILT_PRODUCTS_DIR; };
		45290967150616690039AD9F /* QuartzCore.framework */ = {isa = PBXFileReference; lastKnownFileType = wrapper.framework; name = QuartzCore.framework; path = System/Library/Frameworks/QuartzCore.framework; sourceTree = SDKROOT; };
		45290969150616690039AD9F /* OpenGLES.framework */ = {isa = PBXFileReference; lastKnownFileType = wrapper.framework; name = OpenGLES.framework; path = System/Library/Frameworks/OpenGLES.framework; sourceTree = SDKROOT; };
		4529096B150616690039AD9F /* OpenAL.framework */ = {isa = PBXFileReference; lastKnownFileType = wrapper.framework; name = OpenAL.framework; path = System/Library/Frameworks/OpenAL.framework; sourceTree = SDKROOT; };
		4529096D150616690039AD9F /* AudioToolbox.framework */ = {isa = PBXFileReference; lastKnownFileType = wrapper.framework; name = AudioToolbox.framework; path = System/Library/Frameworks/AudioToolbox.framework; sourceTree = SDKROOT; };
		4529096F150616690039AD9F /* AVFoundation.framework */ = {isa = PBXFileReference; lastKnownFileType = wrapper.framework; name = AVFoundation.framework; path = System/Library/Frameworks/AVFoundation.framework; sourceTree = SDKROOT; };
		45290971150616690039AD9F /* UIKit.framework */ = {isa = PBXFileReference; lastKnownFileType = wrapper.framework; name = UIKit.framework; path = System/Library/Frameworks/UIKit.framework; sourceTree = SDKROOT; };
		45290973150616690039AD9F /* Foundation.framework */ = {isa = PBXFileReference; lastKnownFileType = wrapper.framework; name = Foundation.framework; path = System/Library/Frameworks/Foundation.framework; sourceTree = SDKROOT; };
		45290975150616690039AD9F /* CoreGraphics.framework */ = {isa = PBXFileReference; lastKnownFileType = wrapper.framework; name = CoreGraphics.framework; path = System/Library/Frameworks/CoreGraphics.framework; sourceTree = SDKROOT; };
		45290979150616690039AD9F /* Default.png */ = {isa = PBXFileReference; lastKnownFileType = image.png; name = Default.png; path = Resources/Default.png; sourceTree = "<group>"; };
		4529097B150616690039AD9F /* fps_images.png */ = {isa = PBXFileReference; lastKnownFileType = image.png; name = fps_images.png; path = Resources/fps_images.png; sourceTree = "<group>"; };
		4529097D150616690039AD9F /* Icon-72.png */ = {isa = PBXFileReference; lastKnownFileType = image.png; name = "Icon-72.png"; path = "Resources/Icon-72.png"; sourceTree = "<group>"; };
		4529097F150616690039AD9F /* Icon-Small-50.png */ = {isa = PBXFileReference; lastKnownFileType = image.png; name = "Icon-Small-50.png"; path = "Resources/Icon-Small-50.png"; sourceTree = "<group>"; };
		45290981150616690039AD9F /* Icon-Small.png */ = {isa = PBXFileReference; lastKnownFileType = image.png; name = "Icon-Small.png"; path = "Resources/Icon-Small.png"; sourceTree = "<group>"; };
		45290983150616690039AD9F /* Icon-Small@2x.png */ = {isa = PBXFileReference; lastKnownFileType = image.png; name = "Icon-Small@2x.png"; path = "Resources/Icon-Small@2x.png"; sourceTree = "<group>"; };
		452909851506166A0039AD9F /* Icon.png */ = {isa = PBXFileReference; lastKnownFileType = image.png; name = Icon.png; path = Resources/Icon.png; sourceTree = "<group>"; };
		452909871506166A0039AD9F /* Icon@2x.png */ = {isa = PBXFileReference; lastKnownFileType = image.png; name = "Icon@2x.png"; path = "Resources/Icon@2x.png"; sourceTree = "<group>"; };
		452909891506166A0039AD9F /* Info.plist */ = {isa = PBXFileReference; name = Info.plist; path = Resources/Info.plist; sourceTree = "<group>"; };
		4529098A1506166A0039AD9F /* iTunesArtwork */ = {isa = PBXFileReference; lastKnownFileType = file; name = iTunesArtwork; path = Resources/iTunesArtwork; sourceTree = "<group>"; };
		4529098E1506166A0039AD9F /* CCAction.h */ = {isa = PBXFileReference; name = CCAction.h; path = libs/cocos2d/CCAction.h; sourceTree = "<group>"; };
		4529098F1506166A0039AD9F /* CCAction.m */ = {isa = PBXFileReference; lastKnownFileType = sourcecode.c.objc; name = CCAction.m; path = libs/cocos2d/CCAction.m; sourceTree = "<group>"; };
		452909911506166A0039AD9F /* CCActionCamera.h */ = {isa = PBXFileReference; name = CCActionCamera.h; path = libs/cocos2d/CCActionCamera.h; sourceTree = "<group>"; };
		452909921506166A0039AD9F /* CCActionCamera.m */ = {isa = PBXFileReference; lastKnownFileType = sourcecode.c.objc; name = CCActionCamera.m; path = libs/cocos2d/CCActionCamera.m; sourceTree = "<group>"; };
		452909941506166A0039AD9F /* CCActionEase.h */ = {isa = PBXFileReference; name = CCActionEase.h; path = libs/cocos2d/CCActionEase.h; sourceTree = "<group>"; };
		452909951506166A0039AD9F /* CCActionEase.m */ = {isa = PBXFileReference; lastKnownFileType = sourcecode.c.objc; name = CCActionEase.m; path = libs/cocos2d/CCActionEase.m; sourceTree = "<group>"; };
		452909971506166A0039AD9F /* CCActionGrid.h */ = {isa = PBXFileReference; name = CCActionGrid.h; path = libs/cocos2d/CCActionGrid.h; sourceTree = "<group>"; };
		452909981506166A0039AD9F /* CCActionGrid.m */ = {isa = PBXFileReference; lastKnownFileType = sourcecode.c.objc; name = CCActionGrid.m; path = libs/cocos2d/CCActionGrid.m; sourceTree = "<group>"; };
		4529099A1506166A0039AD9F /* CCActionGrid3D.h */ = {isa = PBXFileReference; name = CCActionGrid3D.h; path = libs/cocos2d/CCActionGrid3D.h; sourceTree = "<group>"; };
		4529099B1506166A0039AD9F /* CCActionGrid3D.m */ = {isa = PBXFileReference; lastKnownFileType = sourcecode.c.objc; name = CCActionGrid3D.m; path = libs/cocos2d/CCActionGrid3D.m; sourceTree = "<group>"; };
		4529099D1506166A0039AD9F /* CCActionInstant.h */ = {isa = PBXFileReference; name = CCActionInstant.h; path = libs/cocos2d/CCActionInstant.h; sourceTree = "<group>"; };
		4529099E1506166A0039AD9F /* CCActionInstant.m */ = {isa = PBXFileReference; lastKnownFileType = sourcecode.c.objc; name = CCActionInstant.m; path = libs/cocos2d/CCActionInstant.m; sourceTree = "<group>"; };
		452909A01506166A0039AD9F /* CCActionInterval.h */ = {isa = PBXFileReference; name = CCActionInterval.h; path = libs/cocos2d/CCActionInterval.h; sourceTree = "<group>"; };
		452909A11506166A0039AD9F /* CCActionInterval.m */ = {isa = PBXFileReference; lastKnownFileType = sourcecode.c.objc; name = CCActionInterval.m; path = libs/cocos2d/CCActionInterval.m; sourceTree = "<group>"; };
		452909A31506166A0039AD9F /* CCActionManager.h */ = {isa = PBXFileReference; name = CCActionManager.h; path = libs/cocos2d/CCActionManager.h; sourceTree = "<group>"; };
		452909A41506166A0039AD9F /* CCActionManager.m */ = {isa = PBXFileReference; lastKnownFileType = sourcecode.c.objc; name = CCActionManager.m; path = libs/cocos2d/CCActionManager.m; sourceTree = "<group>"; };
		452909A61506166A0039AD9F /* CCActionPageTurn3D.h */ = {isa = PBXFileReference; name = CCActionPageTurn3D.h; path = libs/cocos2d/CCActionPageTurn3D.h; sourceTree = "<group>"; };
		452909A71506166A0039AD9F /* CCActionPageTurn3D.m */ = {isa = PBXFileReference; lastKnownFileType = sourcecode.c.objc; name = CCActionPageTurn3D.m; path = libs/cocos2d/CCActionPageTurn3D.m; sourceTree = "<group>"; };
		452909A91506166A0039AD9F /* CCActionProgressTimer.h */ = {isa = PBXFileReference; name = CCActionProgressTimer.h; path = libs/cocos2d/CCActionProgressTimer.h; sourceTree = "<group>"; };
		452909AA1506166A0039AD9F /* CCActionProgressTimer.m */ = {isa = PBXFileReference; lastKnownFileType = sourcecode.c.objc; name = CCActionProgressTimer.m; path = libs/cocos2d/CCActionProgressTimer.m; sourceTree = "<group>"; };
		452909AC1506166A0039AD9F /* CCActionTiledGrid.h */ = {isa = PBXFileReference; name = CCActionTiledGrid.h; path = libs/cocos2d/CCActionTiledGrid.h; sourceTree = "<group>"; };
		452909AD1506166A0039AD9F /* CCActionTiledGrid.m */ = {isa = PBXFileReference; lastKnownFileType = sourcecode.c.objc; name = CCActionTiledGrid.m; path = libs/cocos2d/CCActionTiledGrid.m; sourceTree = "<group>"; };
		452909AF1506166A0039AD9F /* CCActionTween.h */ = {isa = PBXFileReference; name = CCActionTween.h; path = libs/cocos2d/CCActionTween.h; sourceTree = "<group>"; };
		452909B01506166A0039AD9F /* CCActionTween.m */ = {isa = PBXFileReference; lastKnownFileType = sourcecode.c.objc; name = CCActionTween.m; path = libs/cocos2d/CCActionTween.m; sourceTree = "<group>"; };
		452909B21506166A0039AD9F /* CCAnimation.h */ = {isa = PBXFileReference; name = CCAnimation.h; path = libs/cocos2d/CCAnimation.h; sourceTree = "<group>"; };
		452909B31506166A0039AD9F /* CCAnimation.m */ = {isa = PBXFileReference; lastKnownFileType = sourcecode.c.objc; name = CCAnimation.m; path = libs/cocos2d/CCAnimation.m; sourceTree = "<group>"; };
		452909B51506166A0039AD9F /* CCAnimationCache.h */ = {isa = PBXFileReference; name = CCAnimationCache.h; path = libs/cocos2d/CCAnimationCache.h; sourceTree = "<group>"; };
		452909B61506166A0039AD9F /* CCAnimationCache.m */ = {isa = PBXFileReference; lastKnownFileType = sourcecode.c.objc; name = CCAnimationCache.m; path = libs/cocos2d/CCAnimationCache.m; sourceTree = "<group>"; };
		452909B81506166A0039AD9F /* CCAtlasNode.h */ = {isa = PBXFileReference; name = CCAtlasNode.h; path = libs/cocos2d/CCAtlasNode.h; sourceTree = "<group>"; };
		452909B91506166A0039AD9F /* CCAtlasNode.m */ = {isa = PBXFileReference; lastKnownFileType = sourcecode.c.objc; name = CCAtlasNode.m; path = libs/cocos2d/CCAtlasNode.m; sourceTree = "<group>"; };
		452909BB1506166A0039AD9F /* CCBlockSupport.h */ = {isa = PBXFileReference; name = CCBlockSupport.h; path = libs/cocos2d/CCBlockSupport.h; sourceTree = "<group>"; };
		452909BC1506166A0039AD9F /* CCBlockSupport.m */ = {isa = PBXFileReference; lastKnownFileType = sourcecode.c.objc; name = CCBlockSupport.m; path = libs/cocos2d/CCBlockSupport.m; sourceTree = "<group>"; };
		452909BE1506166A0039AD9F /* CCCamera.h */ = {isa = PBXFileReference; name = CCCamera.h; path = libs/cocos2d/CCCamera.h; sourceTree = "<group>"; };
		452909BF1506166A0039AD9F /* CCCamera.m */ = {isa = PBXFileReference; lastKnownFileType = sourcecode.c.objc; name = CCCamera.m; path = libs/cocos2d/CCCamera.m; sourceTree = "<group>"; };
		452909C11506166A0039AD9F /* ccConfig.h */ = {isa = PBXFileReference; name = ccConfig.h; path = libs/cocos2d/ccConfig.h; sourceTree = "<group>"; };
		452909C21506166B0039AD9F /* CCConfiguration.h */ = {isa = PBXFileReference; name = CCConfiguration.h; path = libs/cocos2d/CCConfiguration.h; sourceTree = "<group>"; };
		452909C31506166B0039AD9F /* CCConfiguration.m */ = {isa = PBXFileReference; lastKnownFileType = sourcecode.c.objc; name = CCConfiguration.m; path = libs/cocos2d/CCConfiguration.m; sourceTree = "<group>"; };
		452909C51506166B0039AD9F /* CCDirector.h */ = {isa = PBXFileReference; name = CCDirector.h; path = libs/cocos2d/CCDirector.h; sourceTree = "<group>"; };
		452909C61506166B0039AD9F /* CCDirector.m */ = {isa = PBXFileReference; lastKnownFileType = sourcecode.c.objc; name = CCDirector.m; path = libs/cocos2d/CCDirector.m; sourceTree = "<group>"; };
		452909C81506166B0039AD9F /* CCDrawingPrimitives.h */ = {isa = PBXFileReference; name = CCDrawingPrimitives.h; path = libs/cocos2d/CCDrawingPrimitives.h; sourceTree = "<group>"; };
		452909C91506166B0039AD9F /* CCDrawingPrimitives.m */ = {isa = PBXFileReference; lastKnownFileType = sourcecode.c.objc; name = CCDrawingPrimitives.m; path = libs/cocos2d/CCDrawingPrimitives.m; sourceTree = "<group>"; };
		452909CB1506166B0039AD9F /* CCGrabber.h */ = {isa = PBXFileReference; name = CCGrabber.h; path = libs/cocos2d/CCGrabber.h; sourceTree = "<group>"; };
		452909CC1506166B0039AD9F /* CCGrabber.m */ = {isa = PBXFileReference; lastKnownFileType = sourcecode.c.objc; name = CCGrabber.m; path = libs/cocos2d/CCGrabber.m; sourceTree = "<group>"; };
		452909CE1506166B0039AD9F /* CCGrid.h */ = {isa = PBXFileReference; name = CCGrid.h; path = libs/cocos2d/CCGrid.h; sourceTree = "<group>"; };
		452909CF1506166B0039AD9F /* CCGrid.m */ = {isa = PBXFileReference; lastKnownFileType = sourcecode.c.objc; name = CCGrid.m; path = libs/cocos2d/CCGrid.m; sourceTree = "<group>"; };
		452909D11506166B0039AD9F /* CCLabelAtlas.h */ = {isa = PBXFileReference; name = CCLabelAtlas.h; path = libs/cocos2d/CCLabelAtlas.h; sourceTree = "<group>"; };
		452909D21506166B0039AD9F /* CCLabelAtlas.m */ = {isa = PBXFileReference; lastKnownFileType = sourcecode.c.objc; name = CCLabelAtlas.m; path = libs/cocos2d/CCLabelAtlas.m; sourceTree = "<group>"; };
		452909D41506166B0039AD9F /* CCLabelBMFont.h */ = {isa = PBXFileReference; name = CCLabelBMFont.h; path = libs/cocos2d/CCLabelBMFont.h; sourceTree = "<group>"; };
		452909D51506166B0039AD9F /* CCLabelBMFont.m */ = {isa = PBXFileReference; lastKnownFileType = sourcecode.c.objc; name = CCLabelBMFont.m; path = libs/cocos2d/CCLabelBMFont.m; sourceTree = "<group>"; };
		452909D71506166B0039AD9F /* CCLabelTTF.h */ = {isa = PBXFileReference; name = CCLabelTTF.h; path = libs/cocos2d/CCLabelTTF.h; sourceTree = "<group>"; };
		452909D81506166B0039AD9F /* CCLabelTTF.m */ = {isa = PBXFileReference; lastKnownFileType = sourcecode.c.objc; name = CCLabelTTF.m; path = libs/cocos2d/CCLabelTTF.m; sourceTree = "<group>"; };
		452909DA1506166B0039AD9F /* CCLayer.h */ = {isa = PBXFileReference; name = CCLayer.h; path = libs/cocos2d/CCLayer.h; sourceTree = "<group>"; };
		452909DB1506166B0039AD9F /* CCLayer.m */ = {isa = PBXFileReference; lastKnownFileType = sourcecode.c.objc; name = CCLayer.m; path = libs/cocos2d/CCLayer.m; sourceTree = "<group>"; };
		452909DD1506166B0039AD9F /* ccMacros.h */ = {isa = PBXFileReference; name = ccMacros.h; path = libs/cocos2d/ccMacros.h; sourceTree = "<group>"; };
		452909DE1506166B0039AD9F /* CCMenu.h */ = {isa = PBXFileReference; name = CCMenu.h; path = libs/cocos2d/CCMenu.h; sourceTree = "<group>"; };
		452909DF1506166B0039AD9F /* CCMenu.m */ = {isa = PBXFileReference; lastKnownFileType = sourcecode.c.objc; name = CCMenu.m; path = libs/cocos2d/CCMenu.m; sourceTree = "<group>"; };
		452909E11506166B0039AD9F /* CCMenuItem.h */ = {isa = PBXFileReference; name = CCMenuItem.h; path = libs/cocos2d/CCMenuItem.h; sourceTree = "<group>"; };
		452909E21506166B0039AD9F /* CCMenuItem.m */ = {isa = PBXFileReference; lastKnownFileType = sourcecode.c.objc; name = CCMenuItem.m; path = libs/cocos2d/CCMenuItem.m; sourceTree = "<group>"; };
		452909E41506166B0039AD9F /* CCMotionStreak.h */ = {isa = PBXFileReference; name = CCMotionStreak.h; path = libs/cocos2d/CCMotionStreak.h; sourceTree = "<group>"; };
		452909E51506166B0039AD9F /* CCMotionStreak.m */ = {isa = PBXFileReference; lastKnownFileType = sourcecode.c.objc; name = CCMotionStreak.m; path = libs/cocos2d/CCMotionStreak.m; sourceTree = "<group>"; };
		452909E71506166B0039AD9F /* CCNode.h */ = {isa = PBXFileReference; name = CCNode.h; path = libs/cocos2d/CCNode.h; sourceTree = "<group>"; };
		452909E81506166B0039AD9F /* CCNode.m */ = {isa = PBXFileReference; lastKnownFileType = sourcecode.c.objc; name = CCNode.m; path = libs/cocos2d/CCNode.m; sourceTree = "<group>"; };
		452909EA1506166B0039AD9F /* CCParallaxNode.h */ = {isa = PBXFileReference; name = CCParallaxNode.h; path = libs/cocos2d/CCParallaxNode.h; sourceTree = "<group>"; };
		452909EB1506166B0039AD9F /* CCParallaxNode.m */ = {isa = PBXFileReference; lastKnownFileType = sourcecode.c.objc; name = CCParallaxNode.m; path = libs/cocos2d/CCParallaxNode.m; sourceTree = "<group>"; };
		452909ED1506166B0039AD9F /* CCParticleExamples.h */ = {isa = PBXFileReference; name = CCParticleExamples.h; path = libs/cocos2d/CCParticleExamples.h; sourceTree = "<group>"; };
		452909EE1506166B0039AD9F /* CCParticleExamples.m */ = {isa = PBXFileReference; lastKnownFileType = sourcecode.c.objc; name = CCParticleExamples.m; path = libs/cocos2d/CCParticleExamples.m; sourceTree = "<group>"; };
		452909F01506166B0039AD9F /* CCParticleSystem.h */ = {isa = PBXFileReference; name = CCParticleSystem.h; path = libs/cocos2d/CCParticleSystem.h; sourceTree = "<group>"; };
		452909F11506166B0039AD9F /* CCParticleSystem.m */ = {isa = PBXFileReference; lastKnownFileType = sourcecode.c.objc; name = CCParticleSystem.m; path = libs/cocos2d/CCParticleSystem.m; sourceTree = "<group>"; };
		452909F31506166B0039AD9F /* CCParticleSystemPoint.h */ = {isa = PBXFileReference; name = CCParticleSystemPoint.h; path = libs/cocos2d/CCParticleSystemPoint.h; sourceTree = "<group>"; };
		452909F41506166B0039AD9F /* CCParticleSystemPoint.m */ = {isa = PBXFileReference; lastKnownFileType = sourcecode.c.objc; name = CCParticleSystemPoint.m; path = libs/cocos2d/CCParticleSystemPoint.m; sourceTree = "<group>"; };
		452909F61506166C0039AD9F /* CCParticleSystemQuad.h */ = {isa = PBXFileReference; name = CCParticleSystemQuad.h; path = libs/cocos2d/CCParticleSystemQuad.h; sourceTree = "<group>"; };
		452909F71506166C0039AD9F /* CCParticleSystemQuad.m */ = {isa = PBXFileReference; lastKnownFileType = sourcecode.c.objc; name = CCParticleSystemQuad.m; path = libs/cocos2d/CCParticleSystemQuad.m; sourceTree = "<group>"; };
		452909F91506166C0039AD9F /* CCProgressTimer.h */ = {isa = PBXFileReference; name = CCProgressTimer.h; path = libs/cocos2d/CCProgressTimer.h; sourceTree = "<group>"; };
		452909FA1506166C0039AD9F /* CCProgressTimer.m */ = {isa = PBXFileReference; lastKnownFileType = sourcecode.c.objc; name = CCProgressTimer.m; path = libs/cocos2d/CCProgressTimer.m; sourceTree = "<group>"; };
		452909FC1506166C0039AD9F /* CCProtocols.h */ = {isa = PBXFileReference; name = CCProtocols.h; path = libs/cocos2d/CCProtocols.h; sourceTree = "<group>"; };
		452909FD1506166C0039AD9F /* CCRenderTexture.h */ = {isa = PBXFileReference; name = CCRenderTexture.h; path = libs/cocos2d/CCRenderTexture.h; sourceTree = "<group>"; };
		452909FE1506166C0039AD9F /* CCRenderTexture.m */ = {isa = PBXFileReference; lastKnownFileType = sourcecode.c.objc; name = CCRenderTexture.m; path = libs/cocos2d/CCRenderTexture.m; sourceTree = "<group>"; };
		45290A001506166C0039AD9F /* CCRibbon.h */ = {isa = PBXFileReference; name = CCRibbon.h; path = libs/cocos2d/CCRibbon.h; sourceTree = "<group>"; };
		45290A011506166C0039AD9F /* CCRibbon.m */ = {isa = PBXFileReference; lastKnownFileType = sourcecode.c.objc; name = CCRibbon.m; path = libs/cocos2d/CCRibbon.m; sourceTree = "<group>"; };
		45290A031506166C0039AD9F /* CCScene.h */ = {isa = PBXFileReference; name = CCScene.h; path = libs/cocos2d/CCScene.h; sourceTree = "<group>"; };
		45290A041506166C0039AD9F /* CCScene.m */ = {isa = PBXFileReference; lastKnownFileType = sourcecode.c.objc; name = CCScene.m; path = libs/cocos2d/CCScene.m; sourceTree = "<group>"; };
		45290A061506166C0039AD9F /* CCScheduler.h */ = {isa = PBXFileReference; name = CCScheduler.h; path = libs/cocos2d/CCScheduler.h; sourceTree = "<group>"; };
		45290A071506166C0039AD9F /* CCScheduler.m */ = {isa = PBXFileReference; lastKnownFileType = sourcecode.c.objc; name = CCScheduler.m; path = libs/cocos2d/CCScheduler.m; sourceTree = "<group>"; };
		45290A091506166C0039AD9F /* CCSprite.h */ = {isa = PBXFileReference; name = CCSprite.h; path = libs/cocos2d/CCSprite.h; sourceTree = "<group>"; };
		45290A0A1506166C0039AD9F /* CCSprite.m */ = {isa = PBXFileReference; lastKnownFileType = sourcecode.c.objc; name = CCSprite.m; path = libs/cocos2d/CCSprite.m; sourceTree = "<group>"; };
		45290A0C1506166C0039AD9F /* CCSpriteBatchNode.h */ = {isa = PBXFileReference; name = CCSpriteBatchNode.h; path = libs/cocos2d/CCSpriteBatchNode.h; sourceTree = "<group>"; };
		45290A0D1506166C0039AD9F /* CCSpriteBatchNode.m */ = {isa = PBXFileReference; lastKnownFileType = sourcecode.c.objc; name = CCSpriteBatchNode.m; path = libs/cocos2d/CCSpriteBatchNode.m; sourceTree = "<group>"; };
		45290A0F1506166C0039AD9F /* CCSpriteFrame.h */ = {isa = PBXFileReference; name = CCSpriteFrame.h; path = libs/cocos2d/CCSpriteFrame.h; sourceTree = "<group>"; };
		45290A101506166C0039AD9F /* CCSpriteFrame.m */ = {isa = PBXFileReference; lastKnownFileType = sourcecode.c.objc; name = CCSpriteFrame.m; path = libs/cocos2d/CCSpriteFrame.m; sourceTree = "<group>"; };
		45290A121506166C0039AD9F /* CCSpriteFrameCache.h */ = {isa = PBXFileReference; name = CCSpriteFrameCache.h; path = libs/cocos2d/CCSpriteFrameCache.h; sourceTree = "<group>"; };
		45290A131506166C0039AD9F /* CCSpriteFrameCache.m */ = {isa = PBXFileReference; lastKnownFileType = sourcecode.c.objc; name = CCSpriteFrameCache.m; path = libs/cocos2d/CCSpriteFrameCache.m; sourceTree = "<group>"; };
		45290A151506166C0039AD9F /* CCTexture2D.h */ = {isa = PBXFileReference; name = CCTexture2D.h; path = libs/cocos2d/CCTexture2D.h; sourceTree = "<group>"; };
		45290A161506166C0039AD9F /* CCTexture2D.m */ = {isa = PBXFileReference; lastKnownFileType = sourcecode.c.objc; name = CCTexture2D.m; path = libs/cocos2d/CCTexture2D.m; sourceTree = "<group>"; };
		45290A181506166C0039AD9F /* CCTextureAtlas.h */ = {isa = PBXFileReference; name = CCTextureAtlas.h; path = libs/cocos2d/CCTextureAtlas.h; sourceTree = "<group>"; };
		45290A191506166C0039AD9F /* CCTextureAtlas.m */ = {isa = PBXFileReference; lastKnownFileType = sourcecode.c.objc; name = CCTextureAtlas.m; path = libs/cocos2d/CCTextureAtlas.m; sourceTree = "<group>"; };
		45290A1B1506166C0039AD9F /* CCTextureCache.h */ = {isa = PBXFileReference; name = CCTextureCache.h; path = libs/cocos2d/CCTextureCache.h; sourceTree = "<group>"; };
		45290A1C1506166C0039AD9F /* CCTextureCache.m */ = {isa = PBXFileReference; lastKnownFileType = sourcecode.c.objc; name = CCTextureCache.m; path = libs/cocos2d/CCTextureCache.m; sourceTree = "<group>"; };
		45290A1E1506166C0039AD9F /* CCTexturePVR.h */ = {isa = PBXFileReference; name = CCTexturePVR.h; path = libs/cocos2d/CCTexturePVR.h; sourceTree = "<group>"; };
		45290A1F1506166C0039AD9F /* CCTexturePVR.m */ = {isa = PBXFileReference; lastKnownFileType = sourcecode.c.objc; name = CCTexturePVR.m; path = libs/cocos2d/CCTexturePVR.m; sourceTree = "<group>"; };
		45290A211506166C0039AD9F /* CCTileMapAtlas.h */ = {isa = PBXFileReference; name = CCTileMapAtlas.h; path = libs/cocos2d/CCTileMapAtlas.h; sourceTree = "<group>"; };
		45290A221506166C0039AD9F /* CCTileMapAtlas.m */ = {isa = PBXFileReference; lastKnownFileType = sourcecode.c.objc; name = CCTileMapAtlas.m; path = libs/cocos2d/CCTileMapAtlas.m; sourceTree = "<group>"; };
		45290A241506166C0039AD9F /* CCTMXLayer.h */ = {isa = PBXFileReference; name = CCTMXLayer.h; path = libs/cocos2d/CCTMXLayer.h; sourceTree = "<group>"; };
		45290A251506166C0039AD9F /* CCTMXLayer.m */ = {isa = PBXFileReference; lastKnownFileType = sourcecode.c.objc; name = CCTMXLayer.m; path = libs/cocos2d/CCTMXLayer.m; sourceTree = "<group>"; };
		45290A271506166C0039AD9F /* CCTMXObjectGroup.h */ = {isa = PBXFileReference; name = CCTMXObjectGroup.h; path = libs/cocos2d/CCTMXObjectGroup.h; sourceTree = "<group>"; };
		45290A281506166C0039AD9F /* CCTMXObjectGroup.m */ = {isa = PBXFileReference; lastKnownFileType = sourcecode.c.objc; name = CCTMXObjectGroup.m; path = libs/cocos2d/CCTMXObjectGroup.m; sourceTree = "<group>"; };
		45290A2A1506166C0039AD9F /* CCTMXTiledMap.h */ = {isa = PBXFileReference; name = CCTMXTiledMap.h; path = libs/cocos2d/CCTMXTiledMap.h; sourceTree = "<group>"; };
		45290A2B1506166C0039AD9F /* CCTMXTiledMap.m */ = {isa = PBXFileReference; lastKnownFileType = sourcecode.c.objc; name = CCTMXTiledMap.m; path = libs/cocos2d/CCTMXTiledMap.m; sourceTree = "<group>"; };
		45290A2D1506166C0039AD9F /* CCTMXXMLParser.h */ = {isa = PBXFileReference; name = CCTMXXMLParser.h; path = libs/cocos2d/CCTMXXMLParser.h; sourceTree = "<group>"; };
		45290A2E1506166C0039AD9F /* CCTMXXMLParser.m */ = {isa = PBXFileReference; lastKnownFileType = sourcecode.c.objc; name = CCTMXXMLParser.m; path = libs/cocos2d/CCTMXXMLParser.m; sourceTree = "<group>"; };
		45290A301506166D0039AD9F /* CCTransition.h */ = {isa = PBXFileReference; name = CCTransition.h; path = libs/cocos2d/CCTransition.h; sourceTree = "<group>"; };
		45290A311506166D0039AD9F /* CCTransition.m */ = {isa = PBXFileReference; lastKnownFileType = sourcecode.c.objc; name = CCTransition.m; path = libs/cocos2d/CCTransition.m; sourceTree = "<group>"; };
		45290A331506166D0039AD9F /* CCTransitionPageTurn.h */ = {isa = PBXFileReference; name = CCTransitionPageTurn.h; path = libs/cocos2d/CCTransitionPageTurn.h; sourceTree = "<group>"; };
		45290A341506166D0039AD9F /* CCTransitionPageTurn.m */ = {isa = PBXFileReference; lastKnownFileType = sourcecode.c.objc; name = CCTransitionPageTurn.m; path = libs/cocos2d/CCTransitionPageTurn.m; sourceTree = "<group>"; };
		45290A361506166D0039AD9F /* CCTransitionRadial.h */ = {isa = PBXFileReference; name = CCTransitionRadial.h; path = libs/cocos2d/CCTransitionRadial.h; sourceTree = "<group>"; };
		45290A371506166D0039AD9F /* CCTransitionRadial.m */ = {isa = PBXFileReference; lastKnownFileType = sourcecode.c.objc; name = CCTransitionRadial.m; path = libs/cocos2d/CCTransitionRadial.m; sourceTree = "<group>"; };
		45290A391506166D0039AD9F /* ccTypes.h */ = {isa = PBXFileReference; name = ccTypes.h; path = libs/cocos2d/ccTypes.h; sourceTree = "<group>"; };
		45290A3A1506166D0039AD9F /* cocos2d.h */ = {isa = PBXFileReference; name = cocos2d.h; path = libs/cocos2d/cocos2d.h; sourceTree = "<group>"; };
		45290A3B1506166D0039AD9F /* cocos2d.m */ = {isa = PBXFileReference; lastKnownFileType = sourcecode.c.objc; name = cocos2d.m; path = libs/cocos2d/cocos2d.m; sourceTree = "<group>"; };
		45290A3E1506166D0039AD9F /* CCGL.h */ = {isa = PBXFileReference; name = CCGL.h; path = libs/cocos2d/Platforms/CCGL.h; sourceTree = "<group>"; };
		45290A3F1506166D0039AD9F /* CCNS.h */ = {isa = PBXFileReference; name = CCNS.h; path = libs/cocos2d/Platforms/CCNS.h; sourceTree = "<group>"; };
		45290A411506166D0039AD9F /* CCDirectorIOS.h */ = {isa = PBXFileReference; name = CCDirectorIOS.h; path = libs/cocos2d/Platforms/iOS/CCDirectorIOS.h; sourceTree = "<group>"; };
		45290A421506166D0039AD9F /* CCDirectorIOS.m */ = {isa = PBXFileReference; lastKnownFileType = sourcecode.c.objc; name = CCDirectorIOS.m; path = libs/cocos2d/Platforms/iOS/CCDirectorIOS.m; sourceTree = "<group>"; };
		45290A441506166D0039AD9F /* CCTouchDelegateProtocol.h */ = {isa = PBXFileReference; name = CCTouchDelegateProtocol.h; path = libs/cocos2d/Platforms/iOS/CCTouchDelegateProtocol.h; sourceTree = "<group>"; };
		45290A451506166D0039AD9F /* CCTouchDispatcher.h */ = {isa = PBXFileReference; name = CCTouchDispatcher.h; path = libs/cocos2d/Platforms/iOS/CCTouchDispatcher.h; sourceTree = "<group>"; };
		45290A461506166D0039AD9F /* CCTouchDispatcher.m */ = {isa = PBXFileReference; lastKnownFileType = sourcecode.c.objc; name = CCTouchDispatcher.m; path = libs/cocos2d/Platforms/iOS/CCTouchDispatcher.m; sourceTree = "<group>"; };
		45290A481506166D0039AD9F /* CCTouchHandler.h */ = {isa = PBXFileReference; name = CCTouchHandler.h; path = libs/cocos2d/Platforms/iOS/CCTouchHandler.h; sourceTree = "<group>"; };
		45290A491506166D0039AD9F /* CCTouchHandler.m */ = {isa = PBXFileReference; lastKnownFileType = sourcecode.c.objc; name = CCTouchHandler.m; path = libs/cocos2d/Platforms/iOS/CCTouchHandler.m; sourceTree = "<group>"; };
		45290A4B1506166D0039AD9F /* EAGLView.h */ = {isa = PBXFileReference; name = EAGLView.h; path = libs/cocos2d/Platforms/iOS/EAGLView.h; sourceTree = "<group>"; };
		45290A4C1506166D0039AD9F /* EAGLView.m */ = {isa = PBXFileReference; lastKnownFileType = sourcecode.c.objc; name = EAGLView.m; path = libs/cocos2d/Platforms/iOS/EAGLView.m; sourceTree = "<group>"; };
		45290A4E1506166D0039AD9F /* ES1Renderer.h */ = {isa = PBXFileReference; name = ES1Renderer.h; path = libs/cocos2d/Platforms/iOS/ES1Renderer.h; sourceTree = "<group>"; };
		45290A4F1506166D0039AD9F /* ES1Renderer.m */ = {isa = PBXFileReference; lastKnownFileType = sourcecode.c.objc; name = ES1Renderer.m; path = libs/cocos2d/Platforms/iOS/ES1Renderer.m; sourceTree = "<group>"; };
		45290A511506166D0039AD9F /* ESRenderer.h */ = {isa = PBXFileReference; name = ESRenderer.h; path = libs/cocos2d/Platforms/iOS/ESRenderer.h; sourceTree = "<group>"; };
		45290A521506166D0039AD9F /* glu.c */ = {isa = PBXFileReference; lastKnownFileType = sourcecode.c.c; name = glu.c; path = libs/cocos2d/Platforms/iOS/glu.c; sourceTree = "<group>"; };
		45290A541506166D0039AD9F /* glu.h */ = {isa = PBXFileReference; name = glu.h; path = libs/cocos2d/Platforms/iOS/glu.h; sourceTree = "<group>"; };
		45290A561506166D0039AD9F /* CCDirectorMac.h */ = {isa = PBXFileReference; name = CCDirectorMac.h; path = libs/cocos2d/Platforms/Mac/CCDirectorMac.h; sourceTree = "<group>"; };
		45290A571506166D0039AD9F /* CCDirectorMac.m */ = {isa = PBXFileReference; lastKnownFileType = sourcecode.c.objc; name = CCDirectorMac.m; path = libs/cocos2d/Platforms/Mac/CCDirectorMac.m; sourceTree = "<group>"; };
		45290A591506166D0039AD9F /* CCEventDispatcher.h */ = {isa = PBXFileReference; name = CCEventDispatcher.h; path = libs/cocos2d/Platforms/Mac/CCEventDispatcher.h; sourceTree = "<group>"; };
		45290A5A1506166D0039AD9F /* CCEventDispatcher.m */ = {isa = PBXFileReference; lastKnownFileType = sourcecode.c.objc; name = CCEventDispatcher.m; path = libs/cocos2d/Platforms/Mac/CCEventDispatcher.m; sourceTree = "<group>"; };
		45290A5C1506166D0039AD9F /* MacGLView.h */ = {isa = PBXFileReference; name = MacGLView.h; path = libs/cocos2d/Platforms/Mac/MacGLView.h; sourceTree = "<group>"; };
		45290A5D1506166D0039AD9F /* MacGLView.m */ = {isa = PBXFileReference; lastKnownFileType = sourcecode.c.objc; name = MacGLView.m; path = libs/cocos2d/Platforms/Mac/MacGLView.m; sourceTree = "<group>"; };
		45290A5F1506166D0039AD9F /* MacWindow.h */ = {isa = PBXFileReference; name = MacWindow.h; path = libs/cocos2d/Platforms/Mac/MacWindow.h; sourceTree = "<group>"; };
		45290A601506166D0039AD9F /* MacWindow.m */ = {isa = PBXFileReference; lastKnownFileType = sourcecode.c.objc; name = MacWindow.m; path = libs/cocos2d/Platforms/Mac/MacWindow.m; sourceTree = "<group>"; };
		45290A631506166D0039AD9F /* base64.c */ = {isa = PBXFileReference; lastKnownFileType = sourcecode.c.c; name = base64.c; path = libs/cocos2d/Support/base64.c; sourceTree = "<group>"; };
		45290A651506166D0039AD9F /* base64.h */ = {isa = PBXFileReference; name = base64.h; path = libs/cocos2d/Support/base64.h; sourceTree = "<group>"; };
		45290A661506166D0039AD9F /* CCArray.h */ = {isa = PBXFileReference; name = CCArray.h; path = libs/cocos2d/Support/CCArray.h; sourceTree = "<group>"; };
		45290A671506166D0039AD9F /* CCArray.m */ = {isa = PBXFileReference; lastKnownFileType = sourcecode.c.objc; name = CCArray.m; path = libs/cocos2d/Support/CCArray.m; sourceTree = "<group>"; };
		45290A691506166D0039AD9F /* ccCArray.h */ = {isa = PBXFileReference; name = ccCArray.h; path = libs/cocos2d/Support/ccCArray.h; sourceTree = "<group>"; };
		45290A6A1506166D0039AD9F /* CCFileUtils.h */ = {isa = PBXFileReference; name = CCFileUtils.h; path = libs/cocos2d/Support/CCFileUtils.h; sourceTree = "<group>"; };
		45290A6B1506166D0039AD9F /* CCFileUtils.m */ = {isa = PBXFileReference; lastKnownFileType = sourcecode.c.objc; name = CCFileUtils.m; path = libs/cocos2d/Support/CCFileUtils.m; sourceTree = "<group>"; };
		45290A6D1506166D0039AD9F /* CCProfiling.h */ = {isa = PBXFileReference; name = CCProfiling.h; path = libs/cocos2d/Support/CCProfiling.h; sourceTree = "<group>"; };
		45290A6E1506166D0039AD9F /* CCProfiling.m */ = {isa = PBXFileReference; lastKnownFileType = sourcecode.c.objc; name = CCProfiling.m; path = libs/cocos2d/Support/CCProfiling.m; sourceTree = "<group>"; };
		45290A701506166D0039AD9F /* ccUtils.c */ = {isa = PBXFileReference; lastKnownFileType = sourcecode.c.c; name = ccUtils.c; path = libs/cocos2d/Support/ccUtils.c; sourceTree = "<group>"; };
		45290A721506166D0039AD9F /* ccUtils.h */ = {isa = PBXFileReference; name = ccUtils.h; path = libs/cocos2d/Support/ccUtils.h; sourceTree = "<group>"; };
		45290A731506166D0039AD9F /* CGPointExtension.h */ = {isa = PBXFileReference; name = CGPointExtension.h; path = libs/cocos2d/Support/CGPointExtension.h; sourceTree = "<group>"; };
		45290A741506166D0039AD9F /* CGPointExtension.m */ = {isa = PBXFileReference; lastKnownFileType = sourcecode.c.objc; name = CGPointExtension.m; path = libs/cocos2d/Support/CGPointExtension.m; sourceTree = "<group>"; };
		45290A761506166D0039AD9F /* OpenGL_Internal.h */ = {isa = PBXFileReference; name = OpenGL_Internal.h; path = libs/cocos2d/Support/OpenGL_Internal.h; sourceTree = "<group>"; };
		45290A771506166D0039AD9F /* TGAlib.h */ = {isa = PBXFileReference; name = TGAlib.h; path = libs/cocos2d/Support/TGAlib.h; sourceTree = "<group>"; };
		45290A781506166D0039AD9F /* TGAlib.m */ = {isa = PBXFileReference; lastKnownFileType = sourcecode.c.objc; name = TGAlib.m; path = libs/cocos2d/Support/TGAlib.m; sourceTree = "<group>"; };
		45290A7A1506166D0039AD9F /* TransformUtils.h */ = {isa = PBXFileReference; name = TransformUtils.h; path = libs/cocos2d/Support/TransformUtils.h; sourceTree = "<group>"; };
		45290A7B1506166D0039AD9F /* TransformUtils.m */ = {isa = PBXFileReference; lastKnownFileType = sourcecode.c.objc; name = TransformUtils.m; path = libs/cocos2d/Support/TransformUtils.m; sourceTree = "<group>"; };
		45290A7D1506166E0039AD9F /* uthash.h */ = {isa = PBXFileReference; name = uthash.h; path = libs/cocos2d/Support/uthash.h; sourceTree = "<group>"; };
		45290A7E1506166E0039AD9F /* utlist.h */ = {isa = PBXFileReference; name = utlist.h; path = libs/cocos2d/Support/utlist.h; sourceTree = "<group>"; };
		45290A7F1506166E0039AD9F /* ZipUtils.h */ = {isa = PBXFileReference; name = ZipUtils.h; path = libs/cocos2d/Support/ZipUtils.h; sourceTree = "<group>"; };
		45290A801506166E0039AD9F /* ZipUtils.m */ = {isa = PBXFileReference; lastKnownFileType = sourcecode.c.objc; name = ZipUtils.m; path = libs/cocos2d/Support/ZipUtils.m; sourceTree = "<group>"; };
		45290A821506166E0039AD9F /* LICENSE_cocos2d.txt */ = {isa = PBXFileReference; name = LICENSE_cocos2d.txt; path = libs/LICENSE_cocos2d.txt; sourceTree = "<group>"; };
		45290A841506166E0039AD9F /* CDAudioManager.h */ = {isa = PBXFileReference; name = CDAudioManager.h; path = libs/CocosDenshion/CDAudioManager.h; sourceTree = "<group>"; };
		45290A851506166E0039AD9F /* CDAudioManager.m */ = {isa = PBXFileReference; lastKnownFileType = sourcecode.c.objc; name = CDAudioManager.m; path = libs/CocosDenshion/CDAudioManager.m; sourceTree = "<group>"; };
		45290A871506166E0039AD9F /* CDConfig.h */ = {isa = PBXFileReference; name = CDConfig.h; path = libs/CocosDenshion/CDConfig.h; sourceTree = "<group>"; };
		45290A881506166E0039AD9F /* CDOpenALSupport.h */ = {isa = PBXFileReference; name = CDOpenALSupport.h; path = libs/CocosDenshion/CDOpenALSupport.h; sourceTree = "<group>"; };
		45290A891506166E0039AD9F /* CDOpenALSupport.m */ = {isa = PBXFileReference; lastKnownFileType = sourcecode.c.objc; name = CDOpenALSupport.m; path = libs/CocosDenshion/CDOpenALSupport.m; sourceTree = "<group>"; };
		45290A8B1506166E0039AD9F /* CocosDenshion.h */ = {isa = PBXFileReference; name = CocosDenshion.h; path = libs/CocosDenshion/CocosDenshion.h; sourceTree = "<group>"; };
		45290A8C1506166E0039AD9F /* CocosDenshion.m */ = {isa = PBXFileReference; lastKnownFileType = sourcecode.c.objc; name = CocosDenshion.m; path = libs/CocosDenshion/CocosDenshion.m; sourceTree = "<group>"; };
		45290A8E1506166E0039AD9F /* SimpleAudioEngine.h */ = {isa = PBXFileReference; name = SimpleAudioEngine.h; path = libs/CocosDenshion/SimpleAudioEngine.h; sourceTree = "<group>"; };
		45290A8F1506166E0039AD9F /* SimpleAudioEngine.m */ = {isa = PBXFileReference; lastKnownFileType = sourcecode.c.objc; name = SimpleAudioEngine.m; path = libs/CocosDenshion/SimpleAudioEngine.m; sourceTree = "<group>"; };
		45290A911506166E0039AD9F /* LICENSE_CocosDenshion.txt */ = {isa = PBXFileReference; name = LICENSE_CocosDenshion.txt; path = libs/LICENSE_CocosDenshion.txt; sourceTree = "<group>"; };
		45290A931506166E0039AD9F /* CLScoreServerPost.h */ = {isa = PBXFileReference; name = CLScoreServerPost.h; path = libs/cocoslive/CLScoreServerPost.h; sourceTree = "<group>"; };
		45290A941506166E0039AD9F /* CLScoreServerPost.m */ = {isa = PBXFileReference; lastKnownFileType = sourcecode.c.objc; name = CLScoreServerPost.m; path = libs/cocoslive/CLScoreServerPost.m; sourceTree = "<group>"; };
		45290A961506166E0039AD9F /* CLScoreServerRequest.h */ = {isa = PBXFileReference; name = CLScoreServerRequest.h; path = libs/cocoslive/CLScoreServerRequest.h; sourceTree = "<group>"; };
		45290A971506166E0039AD9F /* CLScoreServerRequest.m */ = {isa = PBXFileReference; lastKnownFileType = sourcecode.c.objc; name = CLScoreServerRequest.m; path = libs/cocoslive/CLScoreServerRequest.m; sourceTree = "<group>"; };
		45290A991506166E0039AD9F /* cocoslive.h */ = {isa = PBXFileReference; name = cocoslive.h; path = libs/cocoslive/cocoslive.h; sourceTree = "<group>"; };
		45290A9A1506166E0039AD9F /* cocoslive.m */ = {isa = PBXFileReference; lastKnownFileType = sourcecode.c.objc; name = cocoslive.m; path = libs/cocoslive/cocoslive.m; sourceTree = "<group>"; };
		45290A9C1506166E0039AD9F /* LICENSE_TouchJSON.txt */ = {isa = PBXFileReference; name = LICENSE_TouchJSON.txt; path = libs/LICENSE_TouchJSON.txt; sourceTree = "<group>"; };
		45290A9E1506166E0039AD9F /* CDataScanner.h */ = {isa = PBXFileReference; name = CDataScanner.h; path = libs/TouchJSON/CDataScanner.h; sourceTree = "<group>"; };
		45290A9F1506166E0039AD9F /* CDataScanner.m */ = {isa = PBXFileReference; lastKnownFileType = sourcecode.c.objc; name = CDataScanner.m; path = libs/TouchJSON/CDataScanner.m; sourceTree = "<group>"; };
		45290AA21506166E0039AD9F /* CDataScanner_Extensions.h */ = {isa = PBXFileReference; name = CDataScanner_Extensions.h; path = libs/TouchJSON/Extensions/CDataScanner_Extensions.h; sourceTree = "<group>"; };
		45290AA31506166E0039AD9F /* CDataScanner_Extensions.m */ = {isa = PBXFileReference; lastKnownFileType = sourcecode.c.objc; name = CDataScanner_Extensions.m; path = libs/TouchJSON/Extensions/CDataScanner_Extensions.m; sourceTree = "<group>"; };
		45290AA51506166F0039AD9F /* NSDictionary_JSONExtensions.h */ = {isa = PBXFileReference; name = NSDictionary_JSONExtensions.h; path = libs/TouchJSON/Extensions/NSDictionary_JSONExtensions.h; sourceTree = "<group>"; };
		45290AA61506166F0039AD9F /* NSDictionary_JSONExtensions.m */ = {isa = PBXFileReference; lastKnownFileType = sourcecode.c.objc; name = NSDictionary_JSONExtensions.m; path = libs/TouchJSON/Extensions/NSDictionary_JSONExtensions.m; sourceTree = "<group>"; };
		45290AA91506166F0039AD9F /* CJSONDeserializer.h */ = {isa = PBXFileReference; name = CJSONDeserializer.h; path = libs/TouchJSON/JSON/CJSONDeserializer.h; sourceTree = "<group>"; };
		45290AAA1506166F0039AD9F /* CJSONDeserializer.m */ = {isa = PBXFileReference; lastKnownFileType = sourcecode.c.objc; name = CJSONDeserializer.m; path = libs/TouchJSON/JSON/CJSONDeserializer.m; sourceTree = "<group>"; };
		45290AAC1506166F0039AD9F /* CJSONScanner.h */ = {isa = PBXFileReference; name = CJSONScanner.h; path = libs/TouchJSON/JSON/CJSONScanner.h; sourceTree = "<group>"; };
		45290AAD1506166F0039AD9F /* CJSONScanner.m */ = {isa = PBXFileReference; lastKnownFileType = sourcecode.c.objc; name = CJSONScanner.m; path = libs/TouchJSON/JSON/CJSONScanner.m; sourceTree = "<group>"; };
		45290AAF1506166F0039AD9F /* CJSONSerializer.h */ = {isa = PBXFileReference; name = CJSONSerializer.h; path = libs/TouchJSON/JSON/CJSONSerializer.h; sourceTree = "<group>"; };
		45290AB01506166F0039AD9F /* CJSONSerializer.m */ = {isa = PBXFileReference; lastKnownFileType = sourcecode.c.objc; name = CJSONSerializer.m; path = libs/TouchJSON/JSON/CJSONSerializer.m; sourceTree = "<group>"; };
		45290AB21506166F0039AD9F /* JSONRepresentation.h */ = {isa = PBXFileReference; name = JSONRepresentation.h; path = libs/TouchJSON/JSON/JSONRepresentation.h; sourceTree = "<group>"; };
		45290AB41506166F0039AD9F /* FontLabel.h */ = {isa = PBXFileReference; name = FontLabel.h; path = libs/FontLabel/FontLabel.h; sourceTree = "<group>"; };
		45290AB51506166F0039AD9F /* FontLabel.m */ = {isa = PBXFileReference; lastKnownFileType = sourcecode.c.objc; name = FontLabel.m; path = libs/FontLabel/FontLabel.m; sourceTree = "<group>"; };
		45290AB71506166F0039AD9F /* FontLabelStringDrawing.h */ = {isa = PBXFileReference; name = FontLabelStringDrawing.h; path = libs/FontLabel/FontLabelStringDrawing.h; sourceTree = "<group>"; };
		45290AB81506166F0039AD9F /* FontLabelStringDrawing.m */ = {isa = PBXFileReference; lastKnownFileType = sourcecode.c.objc; name = FontLabelStringDrawing.m; path = libs/FontLabel/FontLabelStringDrawing.m; sourceTree = "<group>"; };
		45290ABA1506166F0039AD9F /* FontManager.h */ = {isa = PBXFileReference; name = FontManager.h; path = libs/FontLabel/FontManager.h; sourceTree = "<group>"; };
		45290ABB1506166F0039AD9F /* FontManager.m */ = {isa = PBXFileReference; lastKnownFileType = sourcecode.c.objc; name = FontManager.m; path = libs/FontLabel/FontManager.m; sourceTree = "<group>"; };
		45290ABD1506166F0039AD9F /* ZAttributedString.h */ = {isa = PBXFileReference; name = ZAttributedString.h; path = libs/FontLabel/ZAttributedString.h; sourceTree = "<group>"; };
		45290ABE1506166F0039AD9F /* ZAttributedString.m */ = {isa = PBXFileReference; lastKnownFileType = sourcecode.c.objc; name = ZAttributedString.m; path = libs/FontLabel/ZAttributedString.m; sourceTree = "<group>"; };
		45290AC01506166F0039AD9F /* ZAttributedStringPrivate.h */ = {isa = PBXFileReference; name = ZAttributedStringPrivate.h; path = libs/FontLabel/ZAttributedStringPrivate.h; sourceTree = "<group>"; };
		45290AC11506166F0039AD9F /* ZFont.h */ = {isa = PBXFileReference; name = ZFont.h; path = libs/FontLabel/ZFont.h; sourceTree = "<group>"; };
		45290AC21506166F0039AD9F /* ZFont.m */ = {isa = PBXFileReference; lastKnownFileType = sourcecode.c.objc; name = ZFont.m; path = libs/FontLabel/ZFont.m; sourceTree = "<group>"; };
		45290AC41506166F0039AD9F /* LICENSE_FontLabel.txt */ = {isa = PBXFileReference; name = LICENSE_FontLabel.txt; path = libs/LICENSE_FontLabel.txt; sourceTree = "<group>"; };
		45290AC61506166F0039AD9F /* Prefix.pch */ = {isa = PBXFileReference; path = Prefix.pch; sourceTree = "<group>"; };
		45290AC71506166F0039AD9F /* main.m */ = {isa = PBXFileReference; lastKnownFileType = sourcecode.c.objc; path = main.m; sourceTree = "<group>"; };
		45290AC91506166F0039AD9F /* AppDelegate.h */ = {isa = PBXFileReference; path = AppDelegate.h; sourceTree = "<group>"; };
		45290ACA1506166F0039AD9F /* AppDelegate.m */ = {isa = PBXFileReference; lastKnownFileType = sourcecode.c.objc; path = AppDelegate.m; sourceTree = "<group>"; };
		45290ACC1506166F0039AD9F /* RootViewController.h */ = {isa = PBXFileReference; path = RootViewController.h; sourceTree = "<group>"; };
		45290ACD1506166F0039AD9F /* RootViewController.m */ = {isa = PBXFileReference; lastKnownFileType = sourcecode.c.objc; path = RootViewController.m; sourceTree = "<group>"; };
		45290ACF1506166F0039AD9F /* HelloWorldLayer.h */ = {isa = PBXFileReference; path = HelloWorldLayer.h; sourceTree = "<group>"; };
		45290AD01506166F0039AD9F /* HelloWorldLayer.m */ = {isa = PBXFileReference; lastKnownFileType = sourcecode.c.objc; path = HelloWorldLayer.m; sourceTree = "<group>"; };
		45290AD21506166F0039AD9F /* GameConfig.h */ = {isa = PBXFileReference; path = GameConfig.h; sourceTree = "<group>"; };
/* End PBXFileReference section */

/* Begin PBXFrameworksBuildPhase section */
		45290960150616690039AD9F /* Frameworks */ = {
			isa = PBXFrameworksBuildPhase;
			buildActionMask = 2147483647;
			files = (
				45290968150616690039AD9F /* QuartzCore.framework in Frameworks */,
				4529096A150616690039AD9F /* OpenGLES.framework in Frameworks */,
				4529096C150616690039AD9F /* OpenAL.framework in Frameworks */,
				4529096E150616690039AD9F /* AudioToolbox.framework in Frameworks */,
				45290970150616690039AD9F /* AVFoundation.framework in Frameworks */,
				45290972150616690039AD9F /* UIKit.framework in Frameworks */,
				45290974150616690039AD9F /* Foundation.framework in Frameworks */,
				45290976150616690039AD9F /* CoreGraphics.framework in Frameworks */,
			);
			runOnlyForDeploymentPostprocessing = 0;
		};
/* End PBXFrameworksBuildPhase section */

/* Begin PBXGroup section */
		45290958150616680039AD9F = {
			isa = PBXGroup;
			children = (
				45290977150616690039AD9F /* LineRunner */,
				45290966150616690039AD9F /* Frameworks */,
				45290964150616690039AD9F /* Products */,
			);
			sourceTree = "<group>";
		};
		45290964150616690039AD9F /* Products */ = {
			isa = PBXGroup;
			children = (
				45290963150616690039AD9F /* LineRunner.app */,
			);
			name = Products;
			sourceTree = "<group>";
		};
		45290966150616690039AD9F /* Frameworks */ = {
			isa = PBXGroup;
			children = (
				45290967150616690039AD9F /* QuartzCore.framework */,
				45290969150616690039AD9F /* OpenGLES.framework */,
				4529096B150616690039AD9F /* OpenAL.framework */,
				4529096D150616690039AD9F /* AudioToolbox.framework */,
				4529096F150616690039AD9F /* AVFoundation.framework */,
				45290971150616690039AD9F /* UIKit.framework */,
				45290973150616690039AD9F /* Foundation.framework */,
				45290975150616690039AD9F /* CoreGraphics.framework */,
			);
			name = Frameworks;
			sourceTree = "<group>";
		};
		45290977150616690039AD9F /* LineRunner */ = {
			isa = PBXGroup;
			children = (
				45290AC91506166F0039AD9F /* AppDelegate.h */,
				45290ACA1506166F0039AD9F /* AppDelegate.m */,
				45290ACC1506166F0039AD9F /* RootViewController.h */,
				45290ACD1506166F0039AD9F /* RootViewController.m */,
				45290ACF1506166F0039AD9F /* HelloWorldLayer.h */,
				45290AD01506166F0039AD9F /* HelloWorldLayer.m */,
				45290AD21506166F0039AD9F /* GameConfig.h */,
				45290978150616690039AD9F /* Resources */,
				4529098C1506166A0039AD9F /* libs */,
				45290AC51506166F0039AD9F /* Supporting Files */,
			);
			path = LineRunner;
			sourceTree = "<group>";
		};
		45290978150616690039AD9F /* Resources */ = {
			isa = PBXGroup;
			children = (
				45290979150616690039AD9F /* Default.png */,
				4529097B150616690039AD9F /* fps_images.png */,
				4529097D150616690039AD9F /* Icon-72.png */,
				4529097F150616690039AD9F /* Icon-Small-50.png */,
				45290981150616690039AD9F /* Icon-Small.png */,
				45290983150616690039AD9F /* Icon-Small@2x.png */,
				452909851506166A0039AD9F /* Icon.png */,
				452909871506166A0039AD9F /* Icon@2x.png */,
				452909891506166A0039AD9F /* Info.plist */,
				4529098A1506166A0039AD9F /* iTunesArtwork */,
			);
			name = Resources;
			sourceTree = "<group>";
		};
		4529098C1506166A0039AD9F /* libs */ = {
			isa = PBXGroup;
			children = (
				45290A821506166E0039AD9F /* LICENSE_cocos2d.txt */,
				45290A911506166E0039AD9F /* LICENSE_CocosDenshion.txt */,
				45290A9C1506166E0039AD9F /* LICENSE_TouchJSON.txt */,
				45290AC41506166F0039AD9F /* LICENSE_FontLabel.txt */,
				4529098D1506166A0039AD9F /* cocos2d */,
				45290A831506166E0039AD9F /* CocosDenshion */,
				45290A921506166E0039AD9F /* cocoslive */,
				45290A9D1506166E0039AD9F /* TouchJSON */,
				45290AB31506166F0039AD9F /* FontLabel */,
			);
			name = libs;
			sourceTree = "<group>";
		};
		4529098D1506166A0039AD9F /* cocos2d */ = {
			isa = PBXGroup;
			children = (
				4529098E1506166A0039AD9F /* CCAction.h */,
				4529098F1506166A0039AD9F /* CCAction.m */,
				452909911506166A0039AD9F /* CCActionCamera.h */,
				452909921506166A0039AD9F /* CCActionCamera.m */,
				452909941506166A0039AD9F /* CCActionEase.h */,
				452909951506166A0039AD9F /* CCActionEase.m */,
				452909971506166A0039AD9F /* CCActionGrid.h */,
				452909981506166A0039AD9F /* CCActionGrid.m */,
				4529099A1506166A0039AD9F /* CCActionGrid3D.h */,
				4529099B1506166A0039AD9F /* CCActionGrid3D.m */,
				4529099D1506166A0039AD9F /* CCActionInstant.h */,
				4529099E1506166A0039AD9F /* CCActionInstant.m */,
				452909A01506166A0039AD9F /* CCActionInterval.h */,
				452909A11506166A0039AD9F /* CCActionInterval.m */,
				452909A31506166A0039AD9F /* CCActionManager.h */,
				452909A41506166A0039AD9F /* CCActionManager.m */,
				452909A61506166A0039AD9F /* CCActionPageTurn3D.h */,
				452909A71506166A0039AD9F /* CCActionPageTurn3D.m */,
				452909A91506166A0039AD9F /* CCActionProgressTimer.h */,
				452909AA1506166A0039AD9F /* CCActionProgressTimer.m */,
				452909AC1506166A0039AD9F /* CCActionTiledGrid.h */,
				452909AD1506166A0039AD9F /* CCActionTiledGrid.m */,
				452909AF1506166A0039AD9F /* CCActionTween.h */,
				452909B01506166A0039AD9F /* CCActionTween.m */,
				452909B21506166A0039AD9F /* CCAnimation.h */,
				452909B31506166A0039AD9F /* CCAnimation.m */,
				452909B51506166A0039AD9F /* CCAnimationCache.h */,
				452909B61506166A0039AD9F /* CCAnimationCache.m */,
				452909B81506166A0039AD9F /* CCAtlasNode.h */,
				452909B91506166A0039AD9F /* CCAtlasNode.m */,
				452909BB1506166A0039AD9F /* CCBlockSupport.h */,
				452909BC1506166A0039AD9F /* CCBlockSupport.m */,
				452909BE1506166A0039AD9F /* CCCamera.h */,
				452909BF1506166A0039AD9F /* CCCamera.m */,
				452909C11506166A0039AD9F /* ccConfig.h */,
				452909C21506166B0039AD9F /* CCConfiguration.h */,
				452909C31506166B0039AD9F /* CCConfiguration.m */,
				452909C51506166B0039AD9F /* CCDirector.h */,
				452909C61506166B0039AD9F /* CCDirector.m */,
				452909C81506166B0039AD9F /* CCDrawingPrimitives.h */,
				452909C91506166B0039AD9F /* CCDrawingPrimitives.m */,
				452909CB1506166B0039AD9F /* CCGrabber.h */,
				452909CC1506166B0039AD9F /* CCGrabber.m */,
				452909CE1506166B0039AD9F /* CCGrid.h */,
				452909CF1506166B0039AD9F /* CCGrid.m */,
				452909D11506166B0039AD9F /* CCLabelAtlas.h */,
				452909D21506166B0039AD9F /* CCLabelAtlas.m */,
				452909D41506166B0039AD9F /* CCLabelBMFont.h */,
				452909D51506166B0039AD9F /* CCLabelBMFont.m */,
				452909D71506166B0039AD9F /* CCLabelTTF.h */,
				452909D81506166B0039AD9F /* CCLabelTTF.m */,
				452909DA1506166B0039AD9F /* CCLayer.h */,
				452909DB1506166B0039AD9F /* CCLayer.m */,
				452909DD1506166B0039AD9F /* ccMacros.h */,
				452909DE1506166B0039AD9F /* CCMenu.h */,
				452909DF1506166B0039AD9F /* CCMenu.m */,
				452909E11506166B0039AD9F /* CCMenuItem.h */,
				452909E21506166B0039AD9F /* CCMenuItem.m */,
				452909E41506166B0039AD9F /* CCMotionStreak.h */,
				452909E51506166B0039AD9F /* CCMotionStreak.m */,
				452909E71506166B0039AD9F /* CCNode.h */,
				452909E81506166B0039AD9F /* CCNode.m */,
				452909EA1506166B0039AD9F /* CCParallaxNode.h */,
				452909EB1506166B0039AD9F /* CCParallaxNode.m */,
				452909ED1506166B0039AD9F /* CCParticleExamples.h */,
				452909EE1506166B0039AD9F /* CCParticleExamples.m */,
				452909F01506166B0039AD9F /* CCParticleSystem.h */,
				452909F11506166B0039AD9F /* CCParticleSystem.m */,
				452909F31506166B0039AD9F /* CCParticleSystemPoint.h */,
				452909F41506166B0039AD9F /* CCParticleSystemPoint.m */,
				452909F61506166C0039AD9F /* CCParticleSystemQuad.h */,
				452909F71506166C0039AD9F /* CCParticleSystemQuad.m */,
				452909F91506166C0039AD9F /* CCProgressTimer.h */,
				452909FA1506166C0039AD9F /* CCProgressTimer.m */,
				452909FC1506166C0039AD9F /* CCProtocols.h */,
				452909FD1506166C0039AD9F /* CCRenderTexture.h */,
				452909FE1506166C0039AD9F /* CCRenderTexture.m */,
				45290A001506166C0039AD9F /* CCRibbon.h */,
				45290A011506166C0039AD9F /* CCRibbon.m */,
				45290A031506166C0039AD9F /* CCScene.h */,
				45290A041506166C0039AD9F /* CCScene.m */,
				45290A061506166C0039AD9F /* CCScheduler.h */,
				45290A071506166C0039AD9F /* CCScheduler.m */,
				45290A091506166C0039AD9F /* CCSprite.h */,
				45290A0A1506166C0039AD9F /* CCSprite.m */,
				45290A0C1506166C0039AD9F /* CCSpriteBatchNode.h */,
				45290A0D1506166C0039AD9F /* CCSpriteBatchNode.m */,
				45290A0F1506166C0039AD9F /* CCSpriteFrame.h */,
				45290A101506166C0039AD9F /* CCSpriteFrame.m */,
				45290A121506166C0039AD9F /* CCSpriteFrameCache.h */,
				45290A131506166C0039AD9F /* CCSpriteFrameCache.m */,
				45290A151506166C0039AD9F /* CCTexture2D.h */,
				45290A161506166C0039AD9F /* CCTexture2D.m */,
				45290A181506166C0039AD9F /* CCTextureAtlas.h */,
				45290A191506166C0039AD9F /* CCTextureAtlas.m */,
				45290A1B1506166C0039AD9F /* CCTextureCache.h */,
				45290A1C1506166C0039AD9F /* CCTextureCache.m */,
				45290A1E1506166C0039AD9F /* CCTexturePVR.h */,
				45290A1F1506166C0039AD9F /* CCTexturePVR.m */,
				45290A211506166C0039AD9F /* CCTileMapAtlas.h */,
				45290A221506166C0039AD9F /* CCTileMapAtlas.m */,
				45290A241506166C0039AD9F /* CCTMXLayer.h */,
				45290A251506166C0039AD9F /* CCTMXLayer.m */,
				45290A271506166C0039AD9F /* CCTMXObjectGroup.h */,
				45290A281506166C0039AD9F /* CCTMXObjectGroup.m */,
				45290A2A1506166C0039AD9F /* CCTMXTiledMap.h */,
				45290A2B1506166C0039AD9F /* CCTMXTiledMap.m */,
				45290A2D1506166C0039AD9F /* CCTMXXMLParser.h */,
				45290A2E1506166C0039AD9F /* CCTMXXMLParser.m */,
				45290A301506166D0039AD9F /* CCTransition.h */,
				45290A311506166D0039AD9F /* CCTransition.m */,
				45290A331506166D0039AD9F /* CCTransitionPageTurn.h */,
				45290A341506166D0039AD9F /* CCTransitionPageTurn.m */,
				45290A361506166D0039AD9F /* CCTransitionRadial.h */,
				45290A371506166D0039AD9F /* CCTransitionRadial.m */,
				45290A391506166D0039AD9F /* ccTypes.h */,
				45290A3A1506166D0039AD9F /* cocos2d.h */,
				45290A3B1506166D0039AD9F /* cocos2d.m */,
				45290A3D1506166D0039AD9F /* Platforms */,
				45290A621506166D0039AD9F /* Support */,
			);
			name = cocos2d;
			sourceTree = "<group>";
		};
		45290A3D1506166D0039AD9F /* Platforms */ = {
			isa = PBXGroup;
			children = (
				45290A3E1506166D0039AD9F /* CCGL.h */,
				45290A3F1506166D0039AD9F /* CCNS.h */,
				45290A401506166D0039AD9F /* iOS */,
				45290A551506166D0039AD9F /* Mac */,
			);
			name = Platforms;
			sourceTree = "<group>";
		};
		45290A401506166D0039AD9F /* iOS */ = {
			isa = PBXGroup;
			children = (
				45290A411506166D0039AD9F /* CCDirectorIOS.h */,
				45290A421506166D0039AD9F /* CCDirectorIOS.m */,
				45290A441506166D0039AD9F /* CCTouchDelegateProtocol.h */,
				45290A451506166D0039AD9F /* CCTouchDispatcher.h */,
				45290A461506166D0039AD9F /* CCTouchDispatcher.m */,
				45290A481506166D0039AD9F /* CCTouchHandler.h */,
				45290A491506166D0039AD9F /* CCTouchHandler.m */,
				45290A4B1506166D0039AD9F /* EAGLView.h */,
				45290A4C1506166D0039AD9F /* EAGLView.m */,
				45290A4E1506166D0039AD9F /* ES1Renderer.h */,
				45290A4F1506166D0039AD9F /* ES1Renderer.m */,
				45290A511506166D0039AD9F /* ESRenderer.h */,
				45290A521506166D0039AD9F /* glu.c */,
				45290A541506166D0039AD9F /* glu.h */,
			);
			name = iOS;
			sourceTree = "<group>";
		};
		45290A551506166D0039AD9F /* Mac */ = {
			isa = PBXGroup;
			children = (
				45290A561506166D0039AD9F /* CCDirectorMac.h */,
				45290A571506166D0039AD9F /* CCDirectorMac.m */,
				45290A591506166D0039AD9F /* CCEventDispatcher.h */,
				45290A5A1506166D0039AD9F /* CCEventDispatcher.m */,
				45290A5C1506166D0039AD9F /* MacGLView.h */,
				45290A5D1506166D0039AD9F /* MacGLView.m */,
				45290A5F1506166D0039AD9F /* MacWindow.h */,
				45290A601506166D0039AD9F /* MacWindow.m */,
			);
			name = Mac;
			sourceTree = "<group>";
		};
		45290A621506166D0039AD9F /* Support */ = {
			isa = PBXGroup;
			children = (
				45290A631506166D0039AD9F /* base64.c */,
				45290A651506166D0039AD9F /* base64.h */,
				45290A661506166D0039AD9F /* CCArray.h */,
				45290A671506166D0039AD9F /* CCArray.m */,
				45290A691506166D0039AD9F /* ccCArray.h */,
				45290A6A1506166D0039AD9F /* CCFileUtils.h */,
				45290A6B1506166D0039AD9F /* CCFileUtils.m */,
				45290A6D1506166D0039AD9F /* CCProfiling.h */,
				45290A6E1506166D0039AD9F /* CCProfiling.m */,
				45290A701506166D0039AD9F /* ccUtils.c */,
				45290A721506166D0039AD9F /* ccUtils.h */,
				45290A731506166D0039AD9F /* CGPointExtension.h */,
				45290A741506166D0039AD9F /* CGPointExtension.m */,
				45290A761506166D0039AD9F /* OpenGL_Internal.h */,
				45290A771506166D0039AD9F /* TGAlib.h */,
				45290A781506166D0039AD9F /* TGAlib.m */,
				45290A7A1506166D0039AD9F /* TransformUtils.h */,
				45290A7B1506166D0039AD9F /* TransformUtils.m */,
				45290A7D1506166E0039AD9F /* uthash.h */,
				45290A7E1506166E0039AD9F /* utlist.h */,
				45290A7F1506166E0039AD9F /* ZipUtils.h */,
				45290A801506166E0039AD9F /* ZipUtils.m */,
			);
			name = Support;
			sourceTree = "<group>";
		};
		45290A831506166E0039AD9F /* CocosDenshion */ = {
			isa = PBXGroup;
			children = (
				45290A841506166E0039AD9F /* CDAudioManager.h */,
				45290A851506166E0039AD9F /* CDAudioManager.m */,
				45290A871506166E0039AD9F /* CDConfig.h */,
				45290A881506166E0039AD9F /* CDOpenALSupport.h */,
				45290A891506166E0039AD9F /* CDOpenALSupport.m */,
				45290A8B1506166E0039AD9F /* CocosDenshion.h */,
				45290A8C1506166E0039AD9F /* CocosDenshion.m */,
				45290A8E1506166E0039AD9F /* SimpleAudioEngine.h */,
				45290A8F1506166E0039AD9F /* SimpleAudioEngine.m */,
			);
			name = CocosDenshion;
			sourceTree = "<group>";
		};
		45290A921506166E0039AD9F /* cocoslive */ = {
			isa = PBXGroup;
			children = (
				45290A931506166E0039AD9F /* CLScoreServerPost.h */,
				45290A941506166E0039AD9F /* CLScoreServerPost.m */,
				45290A961506166E0039AD9F /* CLScoreServerRequest.h */,
				45290A971506166E0039AD9F /* CLScoreServerRequest.m */,
				45290A991506166E0039AD9F /* cocoslive.h */,
				45290A9A1506166E0039AD9F /* cocoslive.m */,
			);
			name = cocoslive;
			sourceTree = "<group>";
		};
		45290A9D1506166E0039AD9F /* TouchJSON */ = {
			isa = PBXGroup;
			children = (
				45290A9E1506166E0039AD9F /* CDataScanner.h */,
				45290A9F1506166E0039AD9F /* CDataScanner.m */,
				45290AA11506166E0039AD9F /* Extensions */,
				45290AA81506166F0039AD9F /* JSON */,
			);
			name = TouchJSON;
			sourceTree = "<group>";
		};
		45290AA11506166E0039AD9F /* Extensions */ = {
			isa = PBXGroup;
			children = (
				45290AA21506166E0039AD9F /* CDataScanner_Extensions.h */,
				45290AA31506166E0039AD9F /* CDataScanner_Extensions.m */,
				45290AA51506166F0039AD9F /* NSDictionary_JSONExtensions.h */,
				45290AA61506166F0039AD9F /* NSDictionary_JSONExtensions.m */,
			);
			name = Extensions;
			sourceTree = "<group>";
		};
		45290AA81506166F0039AD9F /* JSON */ = {
			isa = PBXGroup;
			children = (
				45290AA91506166F0039AD9F /* CJSONDeserializer.h */,
				45290AAA1506166F0039AD9F /* CJSONDeserializer.m */,
				45290AAC1506166F0039AD9F /* CJSONScanner.h */,
				45290AAD1506166F0039AD9F /* CJSONScanner.m */,
				45290AAF1506166F0039AD9F /* CJSONSerializer.h */,
				45290AB01506166F0039AD9F /* CJSONSerializer.m */,
				45290AB21506166F0039AD9F /* JSONRepresentation.h */,
			);
			name = JSON;
			sourceTree = "<group>";
		};
		45290AB31506166F0039AD9F /* FontLabel */ = {
			isa = PBXGroup;
			children = (
				45290AB41506166F0039AD9F /* FontLabel.h */,
				45290AB51506166F0039AD9F /* FontLabel.m */,
				45290AB71506166F0039AD9F /* FontLabelStringDrawing.h */,
				45290AB81506166F0039AD9F /* FontLabelStringDrawing.m */,
				45290ABA1506166F0039AD9F /* FontManager.h */,
				45290ABB1506166F0039AD9F /* FontManager.m */,
				45290ABD1506166F0039AD9F /* ZAttributedString.h */,
				45290ABE1506166F0039AD9F /* ZAttributedString.m */,
				45290AC01506166F0039AD9F /* ZAttributedStringPrivate.h */,
				45290AC11506166F0039AD9F /* ZFont.h */,
				45290AC21506166F0039AD9F /* ZFont.m */,
			);
			name = FontLabel;
			sourceTree = "<group>";
		};
		45290AC51506166F0039AD9F /* Supporting Files */ = {
			isa = PBXGroup;
			children = (
				45290AC61506166F0039AD9F /* Prefix.pch */,
				45290AC71506166F0039AD9F /* main.m */,
			);
			name = "Supporting Files";
			sourceTree = "<group>";
		};
/* End PBXGroup section */

/* Begin PBXNativeTarget section */
		45290962150616690039AD9F /* LineRunner */ = {
			isa = PBXNativeTarget;
			buildConfigurationList = 45290AD51506166F0039AD9F /* Build configuration list for PBXNativeTarget "LineRunner" */;
			buildPhases = (
				4529095F150616690039AD9F /* Sources */,
				45290960150616690039AD9F /* Frameworks */,
				45290961150616690039AD9F /* Resources */,
			);
			buildRules = (
			);
			dependencies = (
			);
			name = LineRunner;
			productName = LineRunner;
			productReference = 45290963150616690039AD9F /* LineRunner.app */;
			productType = "com.apple.product-type.application";
		};
/* End PBXNativeTarget section */

/* Begin PBXProject section */
		4529095A150616680039AD9F /* Project object */ = {
			isa = PBXProject;
			attributes = {
				LastUpgradeCheck = 0420;
			};
			buildConfigurationList = 4529095D150616680039AD9F /* Build configuration list for PBXProject "LineRunner" */;
			compatibilityVersion = "Xcode 3.2";
			developmentRegion = English;
			hasScannedForEncodings = 0;
			knownRegions = (
				en,
			);
			mainGroup = 45290958150616680039AD9F;
			productRefGroup = 45290964150616690039AD9F /* Products */;
			projectDirPath = "";
			projectRoot = "";
			targets = (
				45290962150616690039AD9F /* LineRunner */,
			);
		};
/* End PBXProject section */

/* Begin PBXResourcesBuildPhase section */
		45290961150616690039AD9F /* Resources */ = {
			isa = PBXResourcesBuildPhase;
			buildActionMask = 2147483647;
			files = (
				4529097A150616690039AD9F /* Default.png in Resources */,
				4529097C150616690039AD9F /* fps_images.png in Resources */,
				4529097E150616690039AD9F /* Icon-72.png in Resources */,
				45290980150616690039AD9F /* Icon-Small-50.png in Resources */,
				45290982150616690039AD9F /* Icon-Small.png in Resources */,
				45290984150616690039AD9F /* Icon-Small@2x.png in Resources */,
				452909861506166A0039AD9F /* Icon.png in Resources */,
				452909881506166A0039AD9F /* Icon@2x.png in Resources */,
				4529098B1506166A0039AD9F /* iTunesArtwork in Resources */,
			);
			runOnlyForDeploymentPostprocessing = 0;
		};
/* End PBXResourcesBuildPhase section */

/* Begin PBXSourcesBuildPhase section */
		4529095F150616690039AD9F /* Sources */ = {
			isa = PBXSourcesBuildPhase;
			buildActionMask = 2147483647;
			files = (
				452909901506166A0039AD9F /* CCAction.m in Sources */,
				452909931506166A0039AD9F /* CCActionCamera.m in Sources */,
				452909961506166A0039AD9F /* CCActionEase.m in Sources */,
				452909991506166A0039AD9F /* CCActionGrid.m in Sources */,
				4529099C1506166A0039AD9F /* CCActionGrid3D.m in Sources */,
				4529099F1506166A0039AD9F /* CCActionInstant.m in Sources */,
				452909A21506166A0039AD9F /* CCActionInterval.m in Sources */,
				452909A51506166A0039AD9F /* CCActionManager.m in Sources */,
				452909A81506166A0039AD9F /* CCActionPageTurn3D.m in Sources */,
				452909AB1506166A0039AD9F /* CCActionProgressTimer.m in Sources */,
				452909AE1506166A0039AD9F /* CCActionTiledGrid.m in Sources */,
				452909B11506166A0039AD9F /* CCActionTween.m in Sources */,
				452909B41506166A0039AD9F /* CCAnimation.m in Sources */,
				452909B71506166A0039AD9F /* CCAnimationCache.m in Sources */,
				452909BA1506166A0039AD9F /* CCAtlasNode.m in Sources */,
				452909BD1506166A0039AD9F /* CCBlockSupport.m in Sources */,
				452909C01506166A0039AD9F /* CCCamera.m in Sources */,
				452909C41506166B0039AD9F /* CCConfiguration.m in Sources */,
				452909C71506166B0039AD9F /* CCDirector.m in Sources */,
				452909CA1506166B0039AD9F /* CCDrawingPrimitives.m in Sources */,
				452909CD1506166B0039AD9F /* CCGrabber.m in Sources */,
				452909D01506166B0039AD9F /* CCGrid.m in Sources */,
				452909D31506166B0039AD9F /* CCLabelAtlas.m in Sources */,
				452909D61506166B0039AD9F /* CCLabelBMFont.m in Sources */,
				452909D91506166B0039AD9F /* CCLabelTTF.m in Sources */,
				452909DC1506166B0039AD9F /* CCLayer.m in Sources */,
				452909E01506166B0039AD9F /* CCMenu.m in Sources */,
				452909E31506166B0039AD9F /* CCMenuItem.m in Sources */,
				452909E61506166B0039AD9F /* CCMotionStreak.m in Sources */,
				452909E91506166B0039AD9F /* CCNode.m in Sources */,
				452909EC1506166B0039AD9F /* CCParallaxNode.m in Sources */,
				452909EF1506166B0039AD9F /* CCParticleExamples.m in Sources */,
				452909F21506166B0039AD9F /* CCParticleSystem.m in Sources */,
				452909F51506166B0039AD9F /* CCParticleSystemPoint.m in Sources */,
				452909F81506166C0039AD9F /* CCParticleSystemQuad.m in Sources */,
				452909FB1506166C0039AD9F /* CCProgressTimer.m in Sources */,
				452909FF1506166C0039AD9F /* CCRenderTexture.m in Sources */,
				45290A021506166C0039AD9F /* CCRibbon.m in Sources */,
				45290A051506166C0039AD9F /* CCScene.m in Sources */,
				45290A081506166C0039AD9F /* CCScheduler.m in Sources */,
				45290A0B1506166C0039AD9F /* CCSprite.m in Sources */,
				45290A0E1506166C0039AD9F /* CCSpriteBatchNode.m in Sources */,
				45290A111506166C0039AD9F /* CCSpriteFrame.m in Sources */,
				45290A141506166C0039AD9F /* CCSpriteFrameCache.m in Sources */,
				45290A171506166C0039AD9F /* CCTexture2D.m in Sources */,
				45290A1A1506166C0039AD9F /* CCTextureAtlas.m in Sources */,
				45290A1D1506166C0039AD9F /* CCTextureCache.m in Sources */,
				45290A201506166C0039AD9F /* CCTexturePVR.m in Sources */,
				45290A231506166C0039AD9F /* CCTileMapAtlas.m in Sources */,
				45290A261506166C0039AD9F /* CCTMXLayer.m in Sources */,
				45290A291506166C0039AD9F /* CCTMXObjectGroup.m in Sources */,
				45290A2C1506166C0039AD9F /* CCTMXTiledMap.m in Sources */,
				45290A2F1506166C0039AD9F /* CCTMXXMLParser.m in Sources */,
				45290A321506166D0039AD9F /* CCTransition.m in Sources */,
				45290A351506166D0039AD9F /* CCTransitionPageTurn.m in Sources */,
				45290A381506166D0039AD9F /* CCTransitionRadial.m in Sources */,
				45290A3C1506166D0039AD9F /* cocos2d.m in Sources */,
				45290A431506166D0039AD9F /* CCDirectorIOS.m in Sources */,
				45290A471506166D0039AD9F /* CCTouchDispatcher.m in Sources */,
				45290A4A1506166D0039AD9F /* CCTouchHandler.m in Sources */,
				45290A4D1506166D0039AD9F /* EAGLView.m in Sources */,
				45290A501506166D0039AD9F /* ES1Renderer.m in Sources */,
				45290A531506166D0039AD9F /* glu.c in Sources */,
				45290A581506166D0039AD9F /* CCDirectorMac.m in Sources */,
				45290A5B1506166D0039AD9F /* CCEventDispatcher.m in Sources */,
				45290A5E1506166D0039AD9F /* MacGLView.m in Sources */,
				45290A611506166D0039AD9F /* MacWindow.m in Sources */,
				45290A641506166D0039AD9F /* base64.c in Sources */,
				45290A681506166D0039AD9F /* CCArray.m in Sources */,
				45290A6C1506166D0039AD9F /* CCFileUtils.m in Sources */,
				45290A6F1506166D0039AD9F /* CCProfiling.m in Sources */,
				45290A711506166D0039AD9F /* ccUtils.c in Sources */,
				45290A751506166D0039AD9F /* CGPointExtension.m in Sources */,
				45290A791506166D0039AD9F /* TGAlib.m in Sources */,
				45290A7C1506166D0039AD9F /* TransformUtils.m in Sources */,
				45290A811506166E0039AD9F /* ZipUtils.m in Sources */,
				45290A861506166E0039AD9F /* CDAudioManager.m in Sources */,
				45290A8A1506166E0039AD9F /* CDOpenALSupport.m in Sources */,
				45290A8D1506166E0039AD9F /* CocosDenshion.m in Sources */,
				45290A901506166E0039AD9F /* SimpleAudioEngine.m in Sources */,
				45290A951506166E0039AD9F /* CLScoreServerPost.m in Sources */,
				45290A981506166E0039AD9F /* CLScoreServerRequest.m in Sources */,
				45290A9B1506166E0039AD9F /* cocoslive.m in Sources */,
				45290AA01506166E0039AD9F /* CDataScanner.m in Sources */,
				45290AA41506166E0039AD9F /* CDataScanner_Extensions.m in Sources */,
				45290AA71506166F0039AD9F /* NSDictionary_JSONExtensions.m in Sources */,
				45290AAB1506166F0039AD9F /* CJSONDeserializer.m in Sources */,
				45290AAE1506166F0039AD9F /* CJSONScanner.m in Sources */,
				45290AB11506166F0039AD9F /* CJSONSerializer.m in Sources */,
				45290AB61506166F0039AD9F /* FontLabel.m in Sources */,
				45290AB91506166F0039AD9F /* FontLabelStringDrawing.m in Sources */,
				45290ABC1506166F0039AD9F /* FontManager.m in Sources */,
				45290ABF1506166F0039AD9F /* ZAttributedString.m in Sources */,
				45290AC31506166F0039AD9F /* ZFont.m in Sources */,
				45290AC81506166F0039AD9F /* main.m in Sources */,
				45290ACB1506166F0039AD9F /* AppDelegate.m in Sources */,
				45290ACE1506166F0039AD9F /* RootViewController.m in Sources */,
				45290AD11506166F0039AD9F /* HelloWorldLayer.m in Sources */,
			);
			runOnlyForDeploymentPostprocessing = 0;
		};
/* End PBXSourcesBuildPhase section */

/* Begin XCBuildConfiguration section */
		45290AD31506166F0039AD9F /* Debug */ = {
			isa = XCBuildConfiguration;
			buildSettings = {
				ARCHS = "$(ARCHS_STANDARD_32_BIT)";
				"CODE_SIGN_IDENTITY[sdk=iphoneos*]" = "iPhone Developer";
				GCC_C_LANGUAGE_STANDARD = gnu99;
				GCC_OPTIMIZATION_LEVEL = 0;
				GCC_PREPROCESSOR_DEFINITIONS = (
					DEBUG,
					"COCOS2D_DEBUG=1",
				);
				GCC_SYMBOLS_PRIVATE_EXTERN = NO;
				GCC_VERSION = com.apple.compilers.llvmgcc42;
				GCC_WARN_ABOUT_RETURN_TYPE = YES;
				GCC_WARN_UNUSED_VARIABLE = YES;
				IPHONEOS_DEPLOYMENT_TARGET = 5.0;
				SDKROOT = iphoneos;
			};
			name = Debug;
		};
		45290AD41506166F0039AD9F /* Release */ = {
			isa = XCBuildConfiguration;
			buildSettings = {
				ARCHS = "$(ARCHS_STANDARD_32_BIT)";
				"CODE_SIGN_IDENTITY[sdk=iphoneos*]" = "iPhone Developer";
				GCC_C_LANGUAGE_STANDARD = gnu99;
				GCC_PREPROCESSOR_DEFINITIONS = NDEBUG;
				GCC_VERSION = com.apple.compilers.llvmgcc42;
				GCC_WARN_ABOUT_RETURN_TYPE = YES;
				GCC_WARN_UNUSED_VARIABLE = YES;
				IPHONEOS_DEPLOYMENT_TARGET = 5.0;
				OTHER_CFLAGS = "-DNS_BLOCK_ASSERTIONS=1";
				SDKROOT = iphoneos;
			};
			name = Release;
		};
		45290AD61506166F0039AD9F /* Debug */ = {
			isa = XCBuildConfiguration;
			buildSettings = {
				ALWAYS_SEARCH_USER_PATHS = NO;
				COPY_PHASE_STRIP = NO;
				GCC_DYNAMIC_NO_PIC = NO;
				GCC_PRECOMPILE_PREFIX_HEADER = YES;
				GCC_PREFIX_HEADER = LineRunner/Prefix.pch;
				"GCC_THUMB_SUPPORT[arch=armv6]" = "";
				INFOPLIST_FILE = LineRunner/Resources/Info.plist;
				OTHER_LDFLAGS = "-lz";
				PRODUCT_NAME = "$(TARGET_NAME)";
				WRAPPER_EXTENSION = app;
			};
			name = Debug;
		};
		45290AD71506166F0039AD9F /* Release */ = {
			isa = XCBuildConfiguration;
			buildSettings = {
				ALWAYS_SEARCH_USER_PATHS = NO;
				COPY_PHASE_STRIP = YES;
				GCC_PRECOMPILE_PREFIX_HEADER = YES;
				GCC_PREFIX_HEADER = LineRunner/Prefix.pch;
				"GCC_THUMB_SUPPORT[arch=armv6]" = "";
				INFOPLIST_FILE = LineRunner/Resources/Info.plist;
				OTHER_LDFLAGS = "-lz";
				PRODUCT_NAME = "$(TARGET_NAME)";
				VALIDATE_PRODUCT = YES;
				WRAPPER_EXTENSION = app;
			};
			name = Release;
		};
/* End XCBuildConfiguration section */

/* Begin XCConfigurationList section */
		4529095D150616680039AD9F /* Build configuration list for PBXProject "LineRunner" */ = {
			isa = XCConfigurationList;
			buildConfigurations = (
				45290AD31506166F0039AD9F /* Debug */,
				45290AD41506166F0039AD9F /* Release */,
			);
			defaultConfigurationIsVisible = 0;
			defaultConfigurationName = Release;
		};
		45290AD51506166F0039AD9F /* Build configuration list for PBXNativeTarget "LineRunner" */ = {
			isa = XCConfigurationList;
			buildConfigurations = (
				45290AD61506166F0039AD9F /* Debug */,
				45290AD71506166F0039AD9F /* Release */,
			);
			defaultConfigurationIsVisible = 0;
		};
/* End XCConfigurationList section */
	};
	rootObject = 4529095A150616680039AD9F /* Project object */;
}
